// !$*UTF8*$!
{
	archiveVersion = 1;
	classes = {
	};
	objectVersion = 46;
	objects = {

/* Begin PBXBuildFile section */
		CC1145751E3B9ABE00ADDA0A /* Viewlet.swift in Sources */ = {isa = PBXBuildFile; fileRef = CC1145741E3B9ABE00ADDA0A /* Viewlet.swift */; };
		CC1145761E3B9AD500ADDA0A /* Viewlet.swift in Sources */ = {isa = PBXBuildFile; fileRef = CC1145741E3B9ABE00ADDA0A /* Viewlet.swift */; };
		CC28A4141E2F536D004E69FC /* AppDelegate.swift in Sources */ = {isa = PBXBuildFile; fileRef = CC28A4131E2F536D004E69FC /* AppDelegate.swift */; };
		CC28A4191E2F536D004E69FC /* Main.storyboard in Resources */ = {isa = PBXBuildFile; fileRef = CC28A4171E2F536D004E69FC /* Main.storyboard */; };
		CC28A41B1E2F536D004E69FC /* Assets.xcassets in Resources */ = {isa = PBXBuildFile; fileRef = CC28A41A1E2F536D004E69FC /* Assets.xcassets */; };
		CC28A41E1E2F536D004E69FC /* LaunchScreen.storyboard in Resources */ = {isa = PBXBuildFile; fileRef = CC28A41C1E2F536D004E69FC /* LaunchScreen.storyboard */; };
		CC28A42A1E2F5383004E69FC /* AppDelegate.swift in Sources */ = {isa = PBXBuildFile; fileRef = CC28A4291E2F5383004E69FC /* AppDelegate.swift */; };
		CC28A42E1E2F5383004E69FC /* Assets.xcassets in Resources */ = {isa = PBXBuildFile; fileRef = CC28A42D1E2F5383004E69FC /* Assets.xcassets */; };
		CC28A4311E2F5383004E69FC /* Main.storyboard in Resources */ = {isa = PBXBuildFile; fileRef = CC28A42F1E2F5383004E69FC /* Main.storyboard */; };
		CC28A4381E2F53D7004E69FC /* XPlatform.swift in Sources */ = {isa = PBXBuildFile; fileRef = CC28A4371E2F53D7004E69FC /* XPlatform.swift */; };
		CC28A4391E2F53D7004E69FC /* XPlatform.swift in Sources */ = {isa = PBXBuildFile; fileRef = CC28A4371E2F53D7004E69FC /* XPlatform.swift */; };
		CC28A43B1E2F5417004E69FC /* Panorama.swift in Sources */ = {isa = PBXBuildFile; fileRef = CC28A43A1E2F5417004E69FC /* Panorama.swift */; };
		CC28A43C1E2F5417004E69FC /* Panorama.swift in Sources */ = {isa = PBXBuildFile; fileRef = CC28A43A1E2F5417004E69FC /* Panorama.swift */; };
		CC28A43E1E2F5426004E69FC /* PanoramaView.swift in Sources */ = {isa = PBXBuildFile; fileRef = CC28A43D1E2F5426004E69FC /* PanoramaView.swift */; };
		CC28A43F1E2F5426004E69FC /* PanoramaView.swift in Sources */ = {isa = PBXBuildFile; fileRef = CC28A43D1E2F5426004E69FC /* PanoramaView.swift */; };
		CC28A4411E2F5653004E69FC /* PanoramaBackView.swift in Sources */ = {isa = PBXBuildFile; fileRef = CC28A4401E2F5653004E69FC /* PanoramaBackView.swift */; };
		CC28A4421E2F5653004E69FC /* PanoramaBackView.swift in Sources */ = {isa = PBXBuildFile; fileRef = CC28A4401E2F5653004E69FC /* PanoramaBackView.swift */; };
		CC28A4441E2F5855004E69FC /* XView+Z.swift in Sources */ = {isa = PBXBuildFile; fileRef = CC28A4431E2F5855004E69FC /* XView+Z.swift */; };
		CC28A4451E2F5855004E69FC /* XView+Z.swift in Sources */ = {isa = PBXBuildFile; fileRef = CC28A4431E2F5855004E69FC /* XView+Z.swift */; };
		CC28A4471E2F593C004E69FC /* CoreGraphics+Z.swift in Sources */ = {isa = PBXBuildFile; fileRef = CC28A4461E2F593C004E69FC /* CoreGraphics+Z.swift */; };
		CC28A4481E2F593C004E69FC /* CoreGraphics+Z.swift in Sources */ = {isa = PBXBuildFile; fileRef = CC28A4461E2F593C004E69FC /* CoreGraphics+Z.swift */; };
		CC28A44B1E2F64EE004E69FC /* MyPanorama.swift in Sources */ = {isa = PBXBuildFile; fileRef = CC28A44A1E2F64EE004E69FC /* MyPanorama.swift */; };
		CC28A44C1E2F64EE004E69FC /* MyPanorama.swift in Sources */ = {isa = PBXBuildFile; fileRef = CC28A44A1E2F64EE004E69FC /* MyPanorama.swift */; };
		CC28A44E1E2F65F4004E69FC /* MyViewController.swift in Sources */ = {isa = PBXBuildFile; fileRef = CC28A44D1E2F65F4004E69FC /* MyViewController.swift */; };
		CC28A44F1E2F65F4004E69FC /* MyViewController.swift in Sources */ = {isa = PBXBuildFile; fileRef = CC28A44D1E2F65F4004E69FC /* MyViewController.swift */; };
		CC28A4511E2FACAF004E69FC /* PanoramaContentView.swift in Sources */ = {isa = PBXBuildFile; fileRef = CC28A4501E2FACAF004E69FC /* PanoramaContentView.swift */; };
		CC28A4521E2FACAF004E69FC /* PanoramaContentView.swift in Sources */ = {isa = PBXBuildFile; fileRef = CC28A4501E2FACAF004E69FC /* PanoramaContentView.swift */; };
		CC28A4541E2FB7EF004E69FC /* UIKit+P.swift in Sources */ = {isa = PBXBuildFile; fileRef = CC28A4531E2FB7EF004E69FC /* UIKit+P.swift */; };
		CC28A4581E2FB972004E69FC /* AppKit+P.swift in Sources */ = {isa = PBXBuildFile; fileRef = CC28A4561E2FB972004E69FC /* AppKit+P.swift */; };
		CC2B5BA11E3D0CAC008062DA /* ViewletStyle.swift in Sources */ = {isa = PBXBuildFile; fileRef = CC2B5BA01E3D0CAC008062DA /* ViewletStyle.swift */; };
		CC2B5BA21E3D0CAC008062DA /* ViewletStyle.swift in Sources */ = {isa = PBXBuildFile; fileRef = CC2B5BA01E3D0CAC008062DA /* ViewletStyle.swift */; };
		CC2B5BA41E3D10AA008062DA /* Sequence+Z.swift in Sources */ = {isa = PBXBuildFile; fileRef = CC2B5BA31E3D10AA008062DA /* Sequence+Z.swift */; };
		CC2B5BA51E3D10AA008062DA /* Sequence+Z.swift in Sources */ = {isa = PBXBuildFile; fileRef = CC2B5BA31E3D10AA008062DA /* Sequence+Z.swift */; };
		CC2B5BA71E3DAE2F008062DA /* NSMutableParagraphStyle+Z.swift in Sources */ = {isa = PBXBuildFile; fileRef = CC2B5BA61E3DAE2F008062DA /* NSMutableParagraphStyle+Z.swift */; };
		CC2B5BA81E3DAE2F008062DA /* NSMutableParagraphStyle+Z.swift in Sources */ = {isa = PBXBuildFile; fileRef = CC2B5BA61E3DAE2F008062DA /* NSMutableParagraphStyle+Z.swift */; };
		CCA1B5501E3F077800FBC83A /* ButtonViewlet.swift in Sources */ = {isa = PBXBuildFile; fileRef = CCA1B54F1E3F077800FBC83A /* ButtonViewlet.swift */; };
		CCA1B5511E3F077800FBC83A /* ButtonViewlet.swift in Sources */ = {isa = PBXBuildFile; fileRef = CCA1B54F1E3F077800FBC83A /* ButtonViewlet.swift */; };
/* End PBXBuildFile section */

/* Begin PBXFileReference section */
		CC1145741E3B9ABE00ADDA0A /* Viewlet.swift */ = {isa = PBXFileReference; fileEncoding = 4; lastKnownFileType = sourcecode.swift; path = Viewlet.swift; sourceTree = "<group>"; };
		CC28A4101E2F536D004E69FC /* PanoramaApp_ios.app */ = {isa = PBXFileReference; explicitFileType = wrapper.application; includeInIndex = 0; path = PanoramaApp_ios.app; sourceTree = BUILT_PRODUCTS_DIR; };
		CC28A4131E2F536D004E69FC /* AppDelegate.swift */ = {isa = PBXFileReference; lastKnownFileType = sourcecode.swift; path = AppDelegate.swift; sourceTree = "<group>"; };
		CC28A4181E2F536D004E69FC /* Base */ = {isa = PBXFileReference; lastKnownFileType = file.storyboard; name = Base; path = Base.lproj/Main.storyboard; sourceTree = "<group>"; };
		CC28A41A1E2F536D004E69FC /* Assets.xcassets */ = {isa = PBXFileReference; lastKnownFileType = folder.assetcatalog; path = Assets.xcassets; sourceTree = "<group>"; };
		CC28A41D1E2F536D004E69FC /* Base */ = {isa = PBXFileReference; lastKnownFileType = file.storyboard; name = Base; path = Base.lproj/LaunchScreen.storyboard; sourceTree = "<group>"; };
		CC28A41F1E2F536D004E69FC /* Info.plist */ = {isa = PBXFileReference; lastKnownFileType = text.plist.xml; path = Info.plist; sourceTree = "<group>"; };
		CC28A4271E2F5383004E69FC /* PanoramaApp_mac.app */ = {isa = PBXFileReference; explicitFileType = wrapper.application; includeInIndex = 0; path = PanoramaApp_mac.app; sourceTree = BUILT_PRODUCTS_DIR; };
		CC28A4291E2F5383004E69FC /* AppDelegate.swift */ = {isa = PBXFileReference; lastKnownFileType = sourcecode.swift; path = AppDelegate.swift; sourceTree = "<group>"; };
		CC28A42D1E2F5383004E69FC /* Assets.xcassets */ = {isa = PBXFileReference; lastKnownFileType = folder.assetcatalog; path = Assets.xcassets; sourceTree = "<group>"; };
		CC28A4301E2F5383004E69FC /* Base */ = {isa = PBXFileReference; lastKnownFileType = file.storyboard; name = Base; path = Base.lproj/Main.storyboard; sourceTree = "<group>"; };
		CC28A4321E2F5383004E69FC /* Info.plist */ = {isa = PBXFileReference; lastKnownFileType = text.plist.xml; path = Info.plist; sourceTree = "<group>"; };
		CC28A4371E2F53D7004E69FC /* XPlatform.swift */ = {isa = PBXFileReference; fileEncoding = 4; lastKnownFileType = sourcecode.swift; path = XPlatform.swift; sourceTree = "<group>"; };
		CC28A43A1E2F5417004E69FC /* Panorama.swift */ = {isa = PBXFileReference; fileEncoding = 4; lastKnownFileType = sourcecode.swift; path = Panorama.swift; sourceTree = "<group>"; };
		CC28A43D1E2F5426004E69FC /* PanoramaView.swift */ = {isa = PBXFileReference; fileEncoding = 4; lastKnownFileType = sourcecode.swift; path = PanoramaView.swift; sourceTree = "<group>"; };
		CC28A4401E2F5653004E69FC /* PanoramaBackView.swift */ = {isa = PBXFileReference; fileEncoding = 4; lastKnownFileType = sourcecode.swift; path = PanoramaBackView.swift; sourceTree = "<group>"; };
		CC28A4431E2F5855004E69FC /* XView+Z.swift */ = {isa = PBXFileReference; fileEncoding = 4; lastKnownFileType = sourcecode.swift; path = "XView+Z.swift"; sourceTree = "<group>"; };
		CC28A4461E2F593C004E69FC /* CoreGraphics+Z.swift */ = {isa = PBXFileReference; fileEncoding = 4; lastKnownFileType = sourcecode.swift; path = "CoreGraphics+Z.swift"; sourceTree = "<group>"; };
		CC28A44A1E2F64EE004E69FC /* MyPanorama.swift */ = {isa = PBXFileReference; fileEncoding = 4; lastKnownFileType = sourcecode.swift; path = MyPanorama.swift; sourceTree = "<group>"; };
		CC28A44D1E2F65F4004E69FC /* MyViewController.swift */ = {isa = PBXFileReference; fileEncoding = 4; lastKnownFileType = sourcecode.swift; path = MyViewController.swift; sourceTree = "<group>"; };
		CC28A4501E2FACAF004E69FC /* PanoramaContentView.swift */ = {isa = PBXFileReference; fileEncoding = 4; lastKnownFileType = sourcecode.swift; path = PanoramaContentView.swift; sourceTree = "<group>"; };
		CC28A4531E2FB7EF004E69FC /* UIKit+P.swift */ = {isa = PBXFileReference; fileEncoding = 4; lastKnownFileType = sourcecode.swift; path = "UIKit+P.swift"; sourceTree = "<group>"; };
		CC28A4561E2FB972004E69FC /* AppKit+P.swift */ = {isa = PBXFileReference; fileEncoding = 4; lastKnownFileType = sourcecode.swift; path = "AppKit+P.swift"; sourceTree = "<group>"; };
		CC2B5BA01E3D0CAC008062DA /* ViewletStyle.swift */ = {isa = PBXFileReference; fileEncoding = 4; lastKnownFileType = sourcecode.swift; path = ViewletStyle.swift; sourceTree = "<group>"; };
		CC2B5BA31E3D10AA008062DA /* Sequence+Z.swift */ = {isa = PBXFileReference; fileEncoding = 4; lastKnownFileType = sourcecode.swift; path = "Sequence+Z.swift"; sourceTree = "<group>"; };
		CC2B5BA61E3DAE2F008062DA /* NSMutableParagraphStyle+Z.swift */ = {isa = PBXFileReference; fileEncoding = 4; lastKnownFileType = sourcecode.swift; path = "NSMutableParagraphStyle+Z.swift"; sourceTree = "<group>"; };
		CCA1B54F1E3F077800FBC83A /* ButtonViewlet.swift */ = {isa = PBXFileReference; fileEncoding = 4; lastKnownFileType = sourcecode.swift; path = ButtonViewlet.swift; sourceTree = "<group>"; };
/* End PBXFileReference section */

/* Begin PBXFrameworksBuildPhase section */
		CC28A40D1E2F536D004E69FC /* Frameworks */ = {
			isa = PBXFrameworksBuildPhase;
			buildActionMask = 2147483647;
			files = (
			);
			runOnlyForDeploymentPostprocessing = 0;
		};
		CC28A4241E2F5383004E69FC /* Frameworks */ = {
			isa = PBXFrameworksBuildPhase;
			buildActionMask = 2147483647;
			files = (
			);
			runOnlyForDeploymentPostprocessing = 0;
		};
/* End PBXFrameworksBuildPhase section */

/* Begin PBXGroup section */
		CC28A4051E2F534F004E69FC = {
			isa = PBXGroup;
			children = (
				CC28A4361E2F53A2004E69FC /* Panorama */,
				CC28A4491E2F6485004E69FC /* Shared */,
				CC28A4121E2F536D004E69FC /* PanoramaApp_ios */,
				CC28A4281E2F5383004E69FC /* PanoramaApp_mac */,
				CC28A4111E2F536D004E69FC /* Products */,
			);
			sourceTree = "<group>";
		};
		CC28A4111E2F536D004E69FC /* Products */ = {
			isa = PBXGroup;
			children = (
				CC28A4101E2F536D004E69FC /* PanoramaApp_ios.app */,
				CC28A4271E2F5383004E69FC /* PanoramaApp_mac.app */,
			);
			name = Products;
			sourceTree = "<group>";
		};
		CC28A4121E2F536D004E69FC /* PanoramaApp_ios */ = {
			isa = PBXGroup;
			children = (
				CC28A4131E2F536D004E69FC /* AppDelegate.swift */,
				CC28A4171E2F536D004E69FC /* Main.storyboard */,
				CC28A41A1E2F536D004E69FC /* Assets.xcassets */,
				CC28A41C1E2F536D004E69FC /* LaunchScreen.storyboard */,
				CC28A41F1E2F536D004E69FC /* Info.plist */,
			);
			path = PanoramaApp_ios;
			sourceTree = "<group>";
		};
		CC28A4281E2F5383004E69FC /* PanoramaApp_mac */ = {
			isa = PBXGroup;
			children = (
				CC28A4291E2F5383004E69FC /* AppDelegate.swift */,
				CC28A42D1E2F5383004E69FC /* Assets.xcassets */,
				CC28A42F1E2F5383004E69FC /* Main.storyboard */,
				CC28A4321E2F5383004E69FC /* Info.plist */,
			);
			path = PanoramaApp_mac;
			sourceTree = "<group>";
		};
		CC28A4361E2F53A2004E69FC /* Panorama */ = {
			isa = PBXGroup;
			children = (
				CC28A4561E2FB972004E69FC /* AppKit+P.swift */,
				CCA1B54F1E3F077800FBC83A /* ButtonViewlet.swift */,
				CC28A4461E2F593C004E69FC /* CoreGraphics+Z.swift */,
				CC2B5BA61E3DAE2F008062DA /* NSMutableParagraphStyle+Z.swift */,
				CC28A43A1E2F5417004E69FC /* Panorama.swift */,
				CC28A4401E2F5653004E69FC /* PanoramaBackView.swift */,
				CC28A4501E2FACAF004E69FC /* PanoramaContentView.swift */,
				CC28A43D1E2F5426004E69FC /* PanoramaView.swift */,
				CC2B5BA31E3D10AA008062DA /* Sequence+Z.swift */,
				CC28A4531E2FB7EF004E69FC /* UIKit+P.swift */,
				CC1145741E3B9ABE00ADDA0A /* Viewlet.swift */,
				CC2B5BA01E3D0CAC008062DA /* ViewletStyle.swift */,
				CC28A4371E2F53D7004E69FC /* XPlatform.swift */,
				CC28A4431E2F5855004E69FC /* XView+Z.swift */,
			);
			path = Panorama;
			sourceTree = "<group>";
		};
		CC28A4491E2F6485004E69FC /* Shared */ = {
			isa = PBXGroup;
			children = (
				CC28A44A1E2F64EE004E69FC /* MyPanorama.swift */,
				CC28A44D1E2F65F4004E69FC /* MyViewController.swift */,
			);
			path = Shared;
			sourceTree = "<group>";
		};
/* End PBXGroup section */

/* Begin PBXNativeTarget section */
		CC28A40F1E2F536D004E69FC /* PanoramaApp_ios */ = {
			isa = PBXNativeTarget;
			buildConfigurationList = CC28A4201E2F536D004E69FC /* Build configuration list for PBXNativeTarget "PanoramaApp_ios" */;
			buildPhases = (
				CC28A40C1E2F536D004E69FC /* Sources */,
				CC28A40D1E2F536D004E69FC /* Frameworks */,
				CC28A40E1E2F536D004E69FC /* Resources */,
			);
			buildRules = (
			);
			dependencies = (
			);
			name = PanoramaApp_ios;
			productName = PanoramaApp_ios;
			productReference = CC28A4101E2F536D004E69FC /* PanoramaApp_ios.app */;
			productType = "com.apple.product-type.application";
		};
		CC28A4261E2F5383004E69FC /* PanoramaApp_mac */ = {
			isa = PBXNativeTarget;
			buildConfigurationList = CC28A4331E2F5383004E69FC /* Build configuration list for PBXNativeTarget "PanoramaApp_mac" */;
			buildPhases = (
				CC28A4231E2F5383004E69FC /* Sources */,
				CC28A4241E2F5383004E69FC /* Frameworks */,
				CC28A4251E2F5383004E69FC /* Resources */,
			);
			buildRules = (
			);
			dependencies = (
			);
			name = PanoramaApp_mac;
			productName = PanoramaApp_mac;
			productReference = CC28A4271E2F5383004E69FC /* PanoramaApp_mac.app */;
			productType = "com.apple.product-type.application";
		};
/* End PBXNativeTarget section */

/* Begin PBXProject section */
		CC28A4061E2F534F004E69FC /* Project object */ = {
			isa = PBXProject;
			attributes = {
				LastSwiftUpdateCheck = 0820;
				LastUpgradeCheck = 0820;
				ORGANIZATIONNAME = "Electricwoods LLC., Kaz Yoshikawa";
				TargetAttributes = {
					CC28A40F1E2F536D004E69FC = {
						CreatedOnToolsVersion = 8.2.1;
						ProvisioningStyle = Automatic;
					};
					CC28A4261E2F5383004E69FC = {
						CreatedOnToolsVersion = 8.2.1;
						DevelopmentTeam = 2P97EM4L4N;
						ProvisioningStyle = Automatic;
					};
				};
			};
			buildConfigurationList = CC28A4091E2F534F004E69FC /* Build configuration list for PBXProject "Panorama" */;
			compatibilityVersion = "Xcode 3.2";
			developmentRegion = English;
			hasScannedForEncodings = 0;
			knownRegions = (
				en,
				Base,
			);
			mainGroup = CC28A4051E2F534F004E69FC;
			productRefGroup = CC28A4111E2F536D004E69FC /* Products */;
			projectDirPath = "";
			projectRoot = "";
			targets = (
				CC28A40F1E2F536D004E69FC /* PanoramaApp_ios */,
				CC28A4261E2F5383004E69FC /* PanoramaApp_mac */,
			);
		};
/* End PBXProject section */

/* Begin PBXResourcesBuildPhase section */
		CC28A40E1E2F536D004E69FC /* Resources */ = {
			isa = PBXResourcesBuildPhase;
			buildActionMask = 2147483647;
			files = (
				CC28A41E1E2F536D004E69FC /* LaunchScreen.storyboard in Resources */,
				CC28A41B1E2F536D004E69FC /* Assets.xcassets in Resources */,
				CC28A4191E2F536D004E69FC /* Main.storyboard in Resources */,
			);
			runOnlyForDeploymentPostprocessing = 0;
		};
		CC28A4251E2F5383004E69FC /* Resources */ = {
			isa = PBXResourcesBuildPhase;
			buildActionMask = 2147483647;
			files = (
				CC28A42E1E2F5383004E69FC /* Assets.xcassets in Resources */,
				CC28A4311E2F5383004E69FC /* Main.storyboard in Resources */,
			);
			runOnlyForDeploymentPostprocessing = 0;
		};
/* End PBXResourcesBuildPhase section */

/* Begin PBXSourcesBuildPhase section */
		CC28A40C1E2F536D004E69FC /* Sources */ = {
			isa = PBXSourcesBuildPhase;
			buildActionMask = 2147483647;
			files = (
				CC28A43B1E2F5417004E69FC /* Panorama.swift in Sources */,
				CC28A4141E2F536D004E69FC /* AppDelegate.swift in Sources */,
				CC28A4441E2F5855004E69FC /* XView+Z.swift in Sources */,
				CC1145751E3B9ABE00ADDA0A /* Viewlet.swift in Sources */,
				CC2B5BA71E3DAE2F008062DA /* NSMutableParagraphStyle+Z.swift in Sources */,
				CC28A44B1E2F64EE004E69FC /* MyPanorama.swift in Sources */,
				CC28A44E1E2F65F4004E69FC /* MyViewController.swift in Sources */,
				CC28A4511E2FACAF004E69FC /* PanoramaContentView.swift in Sources */,
				CC28A4541E2FB7EF004E69FC /* UIKit+P.swift in Sources */,
				CC28A43E1E2F5426004E69FC /* PanoramaView.swift in Sources */,
				CCA1B5501E3F077800FBC83A /* ButtonViewlet.swift in Sources */,
				CC2B5BA41E3D10AA008062DA /* Sequence+Z.swift in Sources */,
				CC2B5BA11E3D0CAC008062DA /* ViewletStyle.swift in Sources */,
				CC28A4411E2F5653004E69FC /* PanoramaBackView.swift in Sources */,
				CC28A4471E2F593C004E69FC /* CoreGraphics+Z.swift in Sources */,
				CC28A4381E2F53D7004E69FC /* XPlatform.swift in Sources */,
			);
			runOnlyForDeploymentPostprocessing = 0;
		};
		CC28A4231E2F5383004E69FC /* Sources */ = {
			isa = PBXSourcesBuildPhase;
			buildActionMask = 2147483647;
			files = (
				CC28A43C1E2F5417004E69FC /* Panorama.swift in Sources */,
				CC28A42A1E2F5383004E69FC /* AppDelegate.swift in Sources */,
				CC28A4451E2F5855004E69FC /* XView+Z.swift in Sources */,
				CC1145761E3B9AD500ADDA0A /* Viewlet.swift in Sources */,
				CC2B5BA81E3DAE2F008062DA /* NSMutableParagraphStyle+Z.swift in Sources */,
				CC28A44C1E2F64EE004E69FC /* MyPanorama.swift in Sources */,
				CC28A4581E2FB972004E69FC /* AppKit+P.swift in Sources */,
				CC28A43F1E2F5426004E69FC /* PanoramaView.swift in Sources */,
				CC28A4521E2FACAF004E69FC /* PanoramaContentView.swift in Sources */,
				CC28A4421E2F5653004E69FC /* PanoramaBackView.swift in Sources */,
				CCA1B5511E3F077800FBC83A /* ButtonViewlet.swift in Sources */,
				CC2B5BA51E3D10AA008062DA /* Sequence+Z.swift in Sources */,
				CC2B5BA21E3D0CAC008062DA /* ViewletStyle.swift in Sources */,
				CC28A4481E2F593C004E69FC /* CoreGraphics+Z.swift in Sources */,
				CC28A44F1E2F65F4004E69FC /* MyViewController.swift in Sources */,
				CC28A4391E2F53D7004E69FC /* XPlatform.swift in Sources */,
			);
			runOnlyForDeploymentPostprocessing = 0;
		};
/* End PBXSourcesBuildPhase section */

/* Begin PBXVariantGroup section */
		CC28A4171E2F536D004E69FC /* Main.storyboard */ = {
			isa = PBXVariantGroup;
			children = (
				CC28A4181E2F536D004E69FC /* Base */,
			);
			name = Main.storyboard;
			sourceTree = "<group>";
		};
		CC28A41C1E2F536D004E69FC /* LaunchScreen.storyboard */ = {
			isa = PBXVariantGroup;
			children = (
				CC28A41D1E2F536D004E69FC /* Base */,
			);
			name = LaunchScreen.storyboard;
			sourceTree = "<group>";
		};
		CC28A42F1E2F5383004E69FC /* Main.storyboard */ = {
			isa = PBXVariantGroup;
			children = (
				CC28A4301E2F5383004E69FC /* Base */,
			);
			name = Main.storyboard;
			sourceTree = "<group>";
		};
/* End PBXVariantGroup section */

/* Begin XCBuildConfiguration section */
		CC28A40A1E2F534F004E69FC /* Debug */ = {
			isa = XCBuildConfiguration;
			buildSettings = {
			};
			name = Debug;
		};
		CC28A40B1E2F534F004E69FC /* Release */ = {
			isa = XCBuildConfiguration;
			buildSettings = {
			};
			name = Release;
		};
		CC28A4211E2F536D004E69FC /* Debug */ = {
			isa = XCBuildConfiguration;
			buildSettings = {
				ALWAYS_SEARCH_USER_PATHS = NO;
				ASSETCATALOG_COMPILER_APPICON_NAME = AppIcon;
				CLANG_ANALYZER_NONNULL = YES;
				CLANG_CXX_LANGUAGE_STANDARD = "gnu++0x";
				CLANG_CXX_LIBRARY = "libc++";
				CLANG_ENABLE_MODULES = YES;
				CLANG_ENABLE_OBJC_ARC = YES;
				CLANG_WARN_BOOL_CONVERSION = YES;
				CLANG_WARN_CONSTANT_CONVERSION = YES;
				CLANG_WARN_DIRECT_OBJC_ISA_USAGE = YES_ERROR;
				CLANG_WARN_DOCUMENTATION_COMMENTS = YES;
				CLANG_WARN_EMPTY_BODY = YES;
				CLANG_WARN_ENUM_CONVERSION = YES;
				CLANG_WARN_INFINITE_RECURSION = YES;
				CLANG_WARN_INT_CONVERSION = YES;
				CLANG_WARN_OBJC_ROOT_CLASS = YES_ERROR;
				CLANG_WARN_SUSPICIOUS_MOVE = YES;
				CLANG_WARN_UNREACHABLE_CODE = YES;
				CLANG_WARN__DUPLICATE_METHOD_MATCH = YES;
				"CODE_SIGN_IDENTITY[sdk=iphoneos*]" = "iPhone Developer";
				COPY_PHASE_STRIP = NO;
				DEBUG_INFORMATION_FORMAT = dwarf;
				DEVELOPMENT_TEAM = "";
				ENABLE_STRICT_OBJC_MSGSEND = YES;
				ENABLE_TESTABILITY = YES;
				GCC_C_LANGUAGE_STANDARD = gnu99;
				GCC_DYNAMIC_NO_PIC = NO;
				GCC_NO_COMMON_BLOCKS = YES;
				GCC_OPTIMIZATION_LEVEL = 0;
				GCC_PREPROCESSOR_DEFINITIONS = (
					"DEBUG=1",
					"$(inherited)",
				);
				GCC_WARN_64_TO_32_BIT_CONVERSION = YES;
				GCC_WARN_ABOUT_RETURN_TYPE = YES_ERROR;
				GCC_WARN_UNDECLARED_SELECTOR = YES;
				GCC_WARN_UNINITIALIZED_AUTOS = YES_AGGRESSIVE;
				GCC_WARN_UNUSED_FUNCTION = YES;
				GCC_WARN_UNUSED_VARIABLE = YES;
				INFOPLIST_FILE = PanoramaApp_ios/Info.plist;
				IPHONEOS_DEPLOYMENT_TARGET = 10.2;
				LD_RUNPATH_SEARCH_PATHS = "$(inherited) @executable_path/Frameworks";
				MTL_ENABLE_DEBUG_INFO = YES;
				ONLY_ACTIVE_ARCH = YES;
				PRODUCT_BUNDLE_IDENTIFIER = "com.electricwoods.PanoramaApp-ios";
				PRODUCT_NAME = "$(TARGET_NAME)";
				SDKROOT = iphoneos;
				SWIFT_ACTIVE_COMPILATION_CONDITIONS = DEBUG;
				SWIFT_OPTIMIZATION_LEVEL = "-Onone";
				SWIFT_VERSION = 3.0;
				TARGETED_DEVICE_FAMILY = "1,2";
			};
			name = Debug;
		};
		CC28A4221E2F536D004E69FC /* Release */ = {
			isa = XCBuildConfiguration;
			buildSettings = {
				ALWAYS_SEARCH_USER_PATHS = NO;
				ASSETCATALOG_COMPILER_APPICON_NAME = AppIcon;
				CLANG_ANALYZER_NONNULL = YES;
				CLANG_CXX_LANGUAGE_STANDARD = "gnu++0x";
				CLANG_CXX_LIBRARY = "libc++";
				CLANG_ENABLE_MODULES = YES;
				CLANG_ENABLE_OBJC_ARC = YES;
				CLANG_WARN_BOOL_CONVERSION = YES;
				CLANG_WARN_CONSTANT_CONVERSION = YES;
				CLANG_WARN_DIRECT_OBJC_ISA_USAGE = YES_ERROR;
				CLANG_WARN_DOCUMENTATION_COMMENTS = YES;
				CLANG_WARN_EMPTY_BODY = YES;
				CLANG_WARN_ENUM_CONVERSION = YES;
				CLANG_WARN_INFINITE_RECURSION = YES;
				CLANG_WARN_INT_CONVERSION = YES;
				CLANG_WARN_OBJC_ROOT_CLASS = YES_ERROR;
				CLANG_WARN_SUSPICIOUS_MOVE = YES;
				CLANG_WARN_UNREACHABLE_CODE = YES;
				CLANG_WARN__DUPLICATE_METHOD_MATCH = YES;
				"CODE_SIGN_IDENTITY[sdk=iphoneos*]" = "iPhone Developer";
				COPY_PHASE_STRIP = NO;
				DEBUG_INFORMATION_FORMAT = "dwarf-with-dsym";
				DEVELOPMENT_TEAM = "";
				ENABLE_NS_ASSERTIONS = NO;
				ENABLE_STRICT_OBJC_MSGSEND = YES;
				GCC_C_LANGUAGE_STANDARD = gnu99;
				GCC_NO_COMMON_BLOCKS = YES;
				GCC_WARN_64_TO_32_BIT_CONVERSION = YES;
				GCC_WARN_ABOUT_RETURN_TYPE = YES_ERROR;
				GCC_WARN_UNDECLARED_SELECTOR = YES;
				GCC_WARN_UNINITIALIZED_AUTOS = YES_AGGRESSIVE;
				GCC_WARN_UNUSED_FUNCTION = YES;
				GCC_WARN_UNUSED_VARIABLE = YES;
				INFOPLIST_FILE = PanoramaApp_ios/Info.plist;
				IPHONEOS_DEPLOYMENT_TARGET = 10.2;
				LD_RUNPATH_SEARCH_PATHS = "$(inherited) @executable_path/Frameworks";
				MTL_ENABLE_DEBUG_INFO = NO;
				PRODUCT_BUNDLE_IDENTIFIER = "com.electricwoods.PanoramaApp-ios";
				PRODUCT_NAME = "$(TARGET_NAME)";
				SDKROOT = iphoneos;
				SWIFT_OPTIMIZATION_LEVEL = "-Owholemodule";
				SWIFT_VERSION = 3.0;
				TARGETED_DEVICE_FAMILY = "1,2";
				VALIDATE_PRODUCT = YES;
			};
			name = Release;
		};
		CC28A4341E2F5383004E69FC /* Debug */ = {
			isa = XCBuildConfiguration;
			buildSettings = {
				ALWAYS_SEARCH_USER_PATHS = NO;
				ASSETCATALOG_COMPILER_APPICON_NAME = AppIcon;
				CLANG_ANALYZER_NONNULL = YES;
				CLANG_CXX_LANGUAGE_STANDARD = "gnu++0x";
				CLANG_CXX_LIBRARY = "libc++";
				CLANG_ENABLE_MODULES = YES;
				CLANG_ENABLE_OBJC_ARC = YES;
				CLANG_WARN_BOOL_CONVERSION = YES;
				CLANG_WARN_CONSTANT_CONVERSION = YES;
				CLANG_WARN_DIRECT_OBJC_ISA_USAGE = YES_ERROR;
				CLANG_WARN_DOCUMENTATION_COMMENTS = YES;
				CLANG_WARN_EMPTY_BODY = YES;
				CLANG_WARN_ENUM_CONVERSION = YES;
				CLANG_WARN_INFINITE_RECURSION = YES;
				CLANG_WARN_INT_CONVERSION = YES;
				CLANG_WARN_OBJC_ROOT_CLASS = YES_ERROR;
				CLANG_WARN_SUSPICIOUS_MOVE = YES;
				CLANG_WARN_UNREACHABLE_CODE = YES;
				CLANG_WARN__DUPLICATE_METHOD_MATCH = YES;
				CODE_SIGN_IDENTITY = "-";
				COMBINE_HIDPI_IMAGES = YES;
				COPY_PHASE_STRIP = NO;
				DEBUG_INFORMATION_FORMAT = dwarf;
				DEVELOPMENT_TEAM = 2P97EM4L4N;
				ENABLE_STRICT_OBJC_MSGSEND = YES;
				ENABLE_TESTABILITY = YES;
				GCC_C_LANGUAGE_STANDARD = gnu99;
				GCC_DYNAMIC_NO_PIC = NO;
				GCC_NO_COMMON_BLOCKS = YES;
				GCC_OPTIMIZATION_LEVEL = 0;
				GCC_PREPROCESSOR_DEFINITIONS = (
					"DEBUG=1",
					"$(inherited)",
				);
				GCC_WARN_64_TO_32_BIT_CONVERSION = YES;
				GCC_WARN_ABOUT_RETURN_TYPE = YES_ERROR;
				GCC_WARN_UNDECLARED_SELECTOR = YES;
				GCC_WARN_UNINITIALIZED_AUTOS = YES_AGGRESSIVE;
				GCC_WARN_UNUSED_FUNCTION = YES;
				GCC_WARN_UNUSED_VARIABLE = YES;
				INFOPLIST_FILE = PanoramaApp_mac/Info.plist;
				LD_RUNPATH_SEARCH_PATHS = "$(inherited) @executable_path/../Frameworks";
				MACOSX_DEPLOYMENT_TARGET = 10.12;
				MTL_ENABLE_DEBUG_INFO = YES;
				ONLY_ACTIVE_ARCH = YES;
				PRODUCT_BUNDLE_IDENTIFIER = "com.electricwoods.PanoramaApp-mac";
				PRODUCT_NAME = "$(TARGET_NAME)";
				SDKROOT = macosx;
				SWIFT_ACTIVE_COMPILATION_CONDITIONS = DEBUG;
				SWIFT_OPTIMIZATION_LEVEL = "-Onone";
				SWIFT_VERSION = 3.0;
			};
			name = Debug;
		};
		CC28A4351E2F5383004E69FC /* Release */ = {
			isa = XCBuildConfiguration;
			buildSettings = {
				ALWAYS_SEARCH_USER_PATHS = NO;
				ASSETCATALOG_COMPILER_APPICON_NAME = AppIcon;
				CLANG_ANALYZER_NONNULL = YES;
				CLANG_CXX_LANGUAGE_STANDARD = "gnu++0x";
				CLANG_CXX_LIBRARY = "libc++";
				CLANG_ENABLE_MODULES = YES;
				CLANG_ENABLE_OBJC_ARC = YES;
				CLANG_WARN_BOOL_CONVERSION = YES;
				CLANG_WARN_CONSTANT_CONVERSION = YES;
				CLANG_WARN_DIRECT_OBJC_ISA_USAGE = YES_ERROR;
				CLANG_WARN_DOCUMENTATION_COMMENTS = YES;
				CLANG_WARN_EMPTY_BODY = YES;
				CLANG_WARN_ENUM_CONVERSION = YES;
				CLANG_WARN_INFINITE_RECURSION = YES;
				CLANG_WARN_INT_CONVERSION = YES;
				CLANG_WARN_OBJC_ROOT_CLASS = YES_ERROR;
				CLANG_WARN_SUSPICIOUS_MOVE = YES;
				CLANG_WARN_UNREACHABLE_CODE = YES;
				CLANG_WARN__DUPLICATE_METHOD_MATCH = YES;
				CODE_SIGN_IDENTITY = "-";
				COMBINE_HIDPI_IMAGES = YES;
				COPY_PHASE_STRIP = NO;
				DEBUG_INFORMATION_FORMAT = "dwarf-with-dsym";
				DEVELOPMENT_TEAM = 2P97EM4L4N;
				ENABLE_NS_ASSERTIONS = NO;
				ENABLE_STRICT_OBJC_MSGSEND = YES;
				GCC_C_LANGUAGE_STANDARD = gnu99;
				GCC_NO_COMMON_BLOCKS = YES;
				GCC_WARN_64_TO_32_BIT_CONVERSION = YES;
				GCC_WARN_ABOUT_RETURN_TYPE = YES_ERROR;
				GCC_WARN_UNDECLARED_SELECTOR = YES;
				GCC_WARN_UNINITIALIZED_AUTOS = YES_AGGRESSIVE;
				GCC_WARN_UNUSED_FUNCTION = YES;
				GCC_WARN_UNUSED_VARIABLE = YES;
				INFOPLIST_FILE = PanoramaApp_mac/Info.plist;
				LD_RUNPATH_SEARCH_PATHS = "$(inherited) @executable_path/../Frameworks";
				MACOSX_DEPLOYMENT_TARGET = 10.12;
				MTL_ENABLE_DEBUG_INFO = NO;
				PRODUCT_BUNDLE_IDENTIFIER = "com.electricwoods.PanoramaApp-mac";
				PRODUCT_NAME = "$(TARGET_NAME)";
				SDKROOT = macosx;
				SWIFT_OPTIMIZATION_LEVEL = "-Owholemodule";
				SWIFT_VERSION = 3.0;
			};
			name = Release;
		};
/* End XCBuildConfiguration section */

/* Begin XCConfigurationList section */
		CC28A4091E2F534F004E69FC /* Build configuration list for PBXProject "Panorama" */ = {
			isa = XCConfigurationList;
			buildConfigurations = (
				CC28A40A1E2F534F004E69FC /* Debug */,
				CC28A40B1E2F534F004E69FC /* Release */,
			);
			defaultConfigurationIsVisible = 0;
			defaultConfigurationName = Release;
		};
		CC28A4201E2F536D004E69FC /* Build configuration list for PBXNativeTarget "PanoramaApp_ios" */ = {
			isa = XCConfigurationList;
			buildConfigurations = (
				CC28A4211E2F536D004E69FC /* Debug */,
				CC28A4221E2F536D004E69FC /* Release */,
			);
			defaultConfigurationIsVisible = 0;
			defaultConfigurationName = Release;
		};
		CC28A4331E2F5383004E69FC /* Build configuration list for PBXNativeTarget "PanoramaApp_mac" */ = {
			isa = XCConfigurationList;
			buildConfigurations = (
				CC28A4341E2F5383004E69FC /* Debug */,
				CC28A4351E2F5383004E69FC /* Release */,
			);
			defaultConfigurationIsVisible = 0;
			defaultConfigurationName = Release;
		};
/* End XCConfigurationList section */
	};
	rootObject = CC28A4061E2F534F004E69FC /* Project object */;
}
