// !$*UTF8*$!
{
	archiveVersion = 1;
	classes = {
	};
	objectVersion = 60;
	objects = {

/* Begin PBXAggregateTarget section */
		CC2C1FA725EA12BD00E6A1A9 /* Builds */ = {
			isa = PBXAggregateTarget;
			buildConfigurationList = CC2C1FA825EA12BD00E6A1A9 /* Build configuration list for PBXAggregateTarget "Builds" */;
			buildPhases = (
			);
			dependencies = (
				CC2C1FAF25EA12CE00E6A1A9 /* PBXTargetDependency */,
				CC2C1FB125EA12CE00E6A1A9 /* PBXTargetDependency */,
				CC2C1FB325EA12CE00E6A1A9 /* PBXTargetDependency */,
				CC2C1FB525EA12CE00E6A1A9 /* PBXTargetDependency */,
			);
			name = Builds;
			productName = Builds;
		};
/* End PBXAggregateTarget section */

/* Begin PBXBuildFile section */
		CC28A4141E2F536D004E69FC /* AppDelegate.swift in Sources */ = {isa = PBXBuildFile; fileRef = CC28A4131E2F536D004E69FC /* AppDelegate.swift */; };
		CC28A4191E2F536D004E69FC /* Main.storyboard in Resources */ = {isa = PBXBuildFile; fileRef = CC28A4171E2F536D004E69FC /* Main.storyboard */; };
		CC28A41B1E2F536D004E69FC /* Assets.xcassets in Resources */ = {isa = PBXBuildFile; fileRef = CC28A41A1E2F536D004E69FC /* Assets.xcassets */; };
		CC28A41E1E2F536D004E69FC /* LaunchScreen.storyboard in Resources */ = {isa = PBXBuildFile; fileRef = CC28A41C1E2F536D004E69FC /* LaunchScreen.storyboard */; };
		CC28A42A1E2F5383004E69FC /* AppDelegate.swift in Sources */ = {isa = PBXBuildFile; fileRef = CC28A4291E2F5383004E69FC /* AppDelegate.swift */; };
		CC28A42E1E2F5383004E69FC /* Assets.xcassets in Resources */ = {isa = PBXBuildFile; fileRef = CC28A42D1E2F5383004E69FC /* Assets.xcassets */; };
		CC28A4311E2F5383004E69FC /* Main.storyboard in Resources */ = {isa = PBXBuildFile; fileRef = CC28A42F1E2F5383004E69FC /* Main.storyboard */; };
		CC28A44B1E2F64EE004E69FC /* MyPanorama.swift in Sources */ = {isa = PBXBuildFile; fileRef = CC28A44A1E2F64EE004E69FC /* MyPanorama.swift */; };
		CC28A44C1E2F64EE004E69FC /* MyPanorama.swift in Sources */ = {isa = PBXBuildFile; fileRef = CC28A44A1E2F64EE004E69FC /* MyPanorama.swift */; };
		CC28A44E1E2F65F4004E69FC /* MyViewController.swift in Sources */ = {isa = PBXBuildFile; fileRef = CC28A44D1E2F65F4004E69FC /* MyViewController.swift */; };
		CC28A44F1E2F65F4004E69FC /* MyViewController.swift in Sources */ = {isa = PBXBuildFile; fileRef = CC28A44D1E2F65F4004E69FC /* MyViewController.swift */; };
		CC2C1F6725EA0E6000E6A1A9 /* Panorama_ios.h in Headers */ = {isa = PBXBuildFile; fileRef = CC2C1F6525EA0E6000E6A1A9 /* Panorama_ios.h */; settings = {ATTRIBUTES = (Public, ); }; };
		CC2C1F6A25EA0E6000E6A1A9 /* Panorama.framework in Frameworks */ = {isa = PBXBuildFile; fileRef = CC2C1F6325EA0E6000E6A1A9 /* Panorama.framework */; };
		CC2C1F6B25EA0E6000E6A1A9 /* Panorama.framework in Embed Frameworks */ = {isa = PBXBuildFile; fileRef = CC2C1F6325EA0E6000E6A1A9 /* Panorama.framework */; settings = {ATTRIBUTES = (CodeSignOnCopy, RemoveHeadersOnCopy, ); }; };
		CC2C1F7925EA0E8B00E6A1A9 /* Panorama_mac.h in Headers */ = {isa = PBXBuildFile; fileRef = CC2C1F7725EA0E8B00E6A1A9 /* Panorama_mac.h */; settings = {ATTRIBUTES = (Public, ); }; };
		CC2C1F7C25EA0E8B00E6A1A9 /* Panorama_mac.framework in Frameworks */ = {isa = PBXBuildFile; fileRef = CC2C1F7525EA0E8B00E6A1A9 /* Panorama_mac.framework */; };
		CC2C1F7D25EA0E8B00E6A1A9 /* Panorama_mac.framework in Embed Frameworks */ = {isa = PBXBuildFile; fileRef = CC2C1F7525EA0E8B00E6A1A9 /* Panorama_mac.framework */; settings = {ATTRIBUTES = (CodeSignOnCopy, RemoveHeadersOnCopy, ); }; };
		CC2C1F8925EA121500E6A1A9 /* PanoramaView.swift in Sources */ = {isa = PBXBuildFile; fileRef = CC28A43D1E2F5426004E69FC /* PanoramaView.swift */; };
		CC2C1F8A25EA121500E6A1A9 /* Viewlet.swift in Sources */ = {isa = PBXBuildFile; fileRef = CC1145741E3B9ABE00ADDA0A /* Viewlet.swift */; };
		CC2C1F8B25EA121500E6A1A9 /* Panorama.swift in Sources */ = {isa = PBXBuildFile; fileRef = CC28A43A1E2F5417004E69FC /* Panorama.swift */; };
		CC2C1F8C25EA121500E6A1A9 /* CoreGraphics+Z.swift in Sources */ = {isa = PBXBuildFile; fileRef = CC28A4461E2F593C004E69FC /* CoreGraphics+Z.swift */; };
		CC2C1F8D25EA121500E6A1A9 /* PanoramaBackView.swift in Sources */ = {isa = PBXBuildFile; fileRef = CC28A4401E2F5653004E69FC /* PanoramaBackView.swift */; };
		CC2C1F8E25EA121500E6A1A9 /* NSMutableParagraphStyle+Z.swift in Sources */ = {isa = PBXBuildFile; fileRef = CC2B5BA61E3DAE2F008062DA /* NSMutableParagraphStyle+Z.swift */; };
		CC2C1F8F25EA121500E6A1A9 /* PanoramaContentView.swift in Sources */ = {isa = PBXBuildFile; fileRef = CC28A4501E2FACAF004E69FC /* PanoramaContentView.swift */; };
		CC2C1F9025EA121500E6A1A9 /* XView+Z.swift in Sources */ = {isa = PBXBuildFile; fileRef = CC28A4431E2F5855004E69FC /* XView+Z.swift */; };
		CC2C1F9125EA121500E6A1A9 /* UIKit+P.swift in Sources */ = {isa = PBXBuildFile; fileRef = CC28A4531E2FB7EF004E69FC /* UIKit+P.swift */; };
		CC2C1F9225EA121500E6A1A9 /* ViewletStyle.swift in Sources */ = {isa = PBXBuildFile; fileRef = CC2B5BA01E3D0CAC008062DA /* ViewletStyle.swift */; };
		CC2C1F9325EA121500E6A1A9 /* NSEvent+Z.swift in Sources */ = {isa = PBXBuildFile; fileRef = CCEA22242071BD0B006375DA /* NSEvent+Z.swift */; };
		CC2C1F9425EA121500E6A1A9 /* ButtonViewlet.swift in Sources */ = {isa = PBXBuildFile; fileRef = CCA1B54F1E3F077800FBC83A /* ButtonViewlet.swift */; };
		CC2C1F9525EA121500E6A1A9 /* XPlatform.swift in Sources */ = {isa = PBXBuildFile; fileRef = CC28A4371E2F53D7004E69FC /* XPlatform.swift */; };
		CC5EF4E62B6A399D00007D9C /* ZKit in Frameworks */ = {isa = PBXBuildFile; productRef = CC5EF4E52B6A399D00007D9C /* ZKit */; };
		CC9579102B6A37D1003B976C /* UIKit+P.swift in Sources */ = {isa = PBXBuildFile; fileRef = CC28A4531E2FB7EF004E69FC /* UIKit+P.swift */; };
		CC9579112B6A37D1003B976C /* XView+Z.swift in Sources */ = {isa = PBXBuildFile; fileRef = CC28A4431E2F5855004E69FC /* XView+Z.swift */; };
		CC9579122B6A37D1003B976C /* PanoramaView.swift in Sources */ = {isa = PBXBuildFile; fileRef = CC28A43D1E2F5426004E69FC /* PanoramaView.swift */; };
		CC9579132B6A37D1003B976C /* Panorama.swift in Sources */ = {isa = PBXBuildFile; fileRef = CC28A43A1E2F5417004E69FC /* Panorama.swift */; };
		CC9579142B6A37D1003B976C /* CoreGraphics+Z.swift in Sources */ = {isa = PBXBuildFile; fileRef = CC28A4461E2F593C004E69FC /* CoreGraphics+Z.swift */; };
		CC9579152B6A37D1003B976C /* NSMutableParagraphStyle+Z.swift in Sources */ = {isa = PBXBuildFile; fileRef = CC2B5BA61E3DAE2F008062DA /* NSMutableParagraphStyle+Z.swift */; };
		CC9579162B6A37D1003B976C /* NSEvent+Z.swift in Sources */ = {isa = PBXBuildFile; fileRef = CCEA22242071BD0B006375DA /* NSEvent+Z.swift */; };
		CC9579172B6A37D1003B976C /* PanoramaBackView.swift in Sources */ = {isa = PBXBuildFile; fileRef = CC28A4401E2F5653004E69FC /* PanoramaBackView.swift */; };
		CC9579182B6A37D1003B976C /* PanoramaContentView.swift in Sources */ = {isa = PBXBuildFile; fileRef = CC28A4501E2FACAF004E69FC /* PanoramaContentView.swift */; };
		CC9579192B6A37D1003B976C /* Viewlet.swift in Sources */ = {isa = PBXBuildFile; fileRef = CC1145741E3B9ABE00ADDA0A /* Viewlet.swift */; };
		CC95791A2B6A37D1003B976C /* ButtonViewlet.swift in Sources */ = {isa = PBXBuildFile; fileRef = CCA1B54F1E3F077800FBC83A /* ButtonViewlet.swift */; };
		CC95791B2B6A37D1003B976C /* ViewletStyle.swift in Sources */ = {isa = PBXBuildFile; fileRef = CC2B5BA01E3D0CAC008062DA /* ViewletStyle.swift */; };
		CC95791C2B6A37D1003B976C /* XPlatform.swift in Sources */ = {isa = PBXBuildFile; fileRef = CC28A4371E2F53D7004E69FC /* XPlatform.swift */; };
		CC9579232B6A393A003B976C /* ZKit in Frameworks */ = {isa = PBXBuildFile; productRef = CC9579222B6A393A003B976C /* ZKit */; };
/* End PBXBuildFile section */

/* Begin PBXContainerItemProxy section */
		CC2C1F6825EA0E6000E6A1A9 /* PBXContainerItemProxy */ = {
			isa = PBXContainerItemProxy;
			containerPortal = CC28A4061E2F534F004E69FC /* Project object */;
			proxyType = 1;
			remoteGlobalIDString = CC2C1F6225EA0E6000E6A1A9;
			remoteInfo = "Panorama-ios";
		};
		CC2C1F7A25EA0E8B00E6A1A9 /* PBXContainerItemProxy */ = {
			isa = PBXContainerItemProxy;
			containerPortal = CC28A4061E2F534F004E69FC /* Project object */;
			proxyType = 1;
			remoteGlobalIDString = CC2C1F7425EA0E8B00E6A1A9;
			remoteInfo = "Panorama-mac";
		};
		CC2C1FAE25EA12CE00E6A1A9 /* PBXContainerItemProxy */ = {
			isa = PBXContainerItemProxy;
			containerPortal = CC28A4061E2F534F004E69FC /* Project object */;
			proxyType = 1;
			remoteGlobalIDString = CC2C1F6225EA0E6000E6A1A9;
			remoteInfo = "Panorama-ios";
		};
		CC2C1FB025EA12CE00E6A1A9 /* PBXContainerItemProxy */ = {
			isa = PBXContainerItemProxy;
			containerPortal = CC28A4061E2F534F004E69FC /* Project object */;
			proxyType = 1;
			remoteGlobalIDString = CC2C1F7425EA0E8B00E6A1A9;
			remoteInfo = "Panorama-mac";
		};
		CC2C1FB225EA12CE00E6A1A9 /* PBXContainerItemProxy */ = {
			isa = PBXContainerItemProxy;
			containerPortal = CC28A4061E2F534F004E69FC /* Project object */;
			proxyType = 1;
			remoteGlobalIDString = CC28A40F1E2F536D004E69FC;
			remoteInfo = PanoramaApp_ios;
		};
		CC2C1FB425EA12CE00E6A1A9 /* PBXContainerItemProxy */ = {
			isa = PBXContainerItemProxy;
			containerPortal = CC28A4061E2F534F004E69FC /* Project object */;
			proxyType = 1;
			remoteGlobalIDString = CC28A4261E2F5383004E69FC;
			remoteInfo = PanoramaApp_mac;
		};
/* End PBXContainerItemProxy section */

/* Begin PBXCopyFilesBuildPhase section */
		CCA4A88B25E3517300AF4CCC /* Embed Frameworks */ = {
			isa = PBXCopyFilesBuildPhase;
			buildActionMask = 2147483647;
			dstPath = "";
			dstSubfolderSpec = 10;
			files = (
				CC2C1F6B25EA0E6000E6A1A9 /* Panorama.framework in Embed Frameworks */,
			);
			name = "Embed Frameworks";
			runOnlyForDeploymentPostprocessing = 0;
		};
		CCA4A88E25E3517E00AF4CCC /* Embed Frameworks */ = {
			isa = PBXCopyFilesBuildPhase;
			buildActionMask = 2147483647;
			dstPath = "";
			dstSubfolderSpec = 10;
			files = (
				CC2C1F7D25EA0E8B00E6A1A9 /* Panorama_mac.framework in Embed Frameworks */,
			);
			name = "Embed Frameworks";
			runOnlyForDeploymentPostprocessing = 0;
		};
/* End PBXCopyFilesBuildPhase section */

/* Begin PBXFileReference section */
		CC1145741E3B9ABE00ADDA0A /* Viewlet.swift */ = {isa = PBXFileReference; fileEncoding = 4; lastKnownFileType = sourcecode.swift; path = Viewlet.swift; sourceTree = "<group>"; };
		CC28A4101E2F536D004E69FC /* PanoramaApp.app */ = {isa = PBXFileReference; explicitFileType = wrapper.application; includeInIndex = 0; path = PanoramaApp.app; sourceTree = BUILT_PRODUCTS_DIR; };
		CC28A4131E2F536D004E69FC /* AppDelegate.swift */ = {isa = PBXFileReference; lastKnownFileType = sourcecode.swift; path = AppDelegate.swift; sourceTree = "<group>"; };
		CC28A4181E2F536D004E69FC /* Base */ = {isa = PBXFileReference; lastKnownFileType = file.storyboard; name = Base; path = Base.lproj/Main.storyboard; sourceTree = "<group>"; };
		CC28A41A1E2F536D004E69FC /* Assets.xcassets */ = {isa = PBXFileReference; lastKnownFileType = folder.assetcatalog; path = Assets.xcassets; sourceTree = "<group>"; };
		CC28A41D1E2F536D004E69FC /* Base */ = {isa = PBXFileReference; lastKnownFileType = file.storyboard; name = Base; path = Base.lproj/LaunchScreen.storyboard; sourceTree = "<group>"; };
		CC28A41F1E2F536D004E69FC /* Info.plist */ = {isa = PBXFileReference; lastKnownFileType = text.plist.xml; path = Info.plist; sourceTree = "<group>"; };
		CC28A4271E2F5383004E69FC /* PanoramaApp.app */ = {isa = PBXFileReference; explicitFileType = wrapper.application; includeInIndex = 0; path = PanoramaApp.app; sourceTree = BUILT_PRODUCTS_DIR; };
		CC28A4291E2F5383004E69FC /* AppDelegate.swift */ = {isa = PBXFileReference; lastKnownFileType = sourcecode.swift; path = AppDelegate.swift; sourceTree = "<group>"; };
		CC28A42D1E2F5383004E69FC /* Assets.xcassets */ = {isa = PBXFileReference; lastKnownFileType = folder.assetcatalog; path = Assets.xcassets; sourceTree = "<group>"; };
		CC28A4301E2F5383004E69FC /* Base */ = {isa = PBXFileReference; lastKnownFileType = file.storyboard; name = Base; path = Base.lproj/Main.storyboard; sourceTree = "<group>"; };
		CC28A4321E2F5383004E69FC /* Info.plist */ = {isa = PBXFileReference; lastKnownFileType = text.plist.xml; path = Info.plist; sourceTree = "<group>"; };
		CC28A4371E2F53D7004E69FC /* XPlatform.swift */ = {isa = PBXFileReference; fileEncoding = 4; lastKnownFileType = sourcecode.swift; path = XPlatform.swift; sourceTree = "<group>"; };
		CC28A43A1E2F5417004E69FC /* Panorama.swift */ = {isa = PBXFileReference; fileEncoding = 4; lastKnownFileType = sourcecode.swift; path = Panorama.swift; sourceTree = "<group>"; };
		CC28A43D1E2F5426004E69FC /* PanoramaView.swift */ = {isa = PBXFileReference; fileEncoding = 4; lastKnownFileType = sourcecode.swift; path = PanoramaView.swift; sourceTree = "<group>"; };
		CC28A4401E2F5653004E69FC /* PanoramaBackView.swift */ = {isa = PBXFileReference; fileEncoding = 4; lastKnownFileType = sourcecode.swift; path = PanoramaBackView.swift; sourceTree = "<group>"; };
		CC28A4431E2F5855004E69FC /* XView+Z.swift */ = {isa = PBXFileReference; fileEncoding = 4; lastKnownFileType = sourcecode.swift; path = "XView+Z.swift"; sourceTree = "<group>"; };
		CC28A4461E2F593C004E69FC /* CoreGraphics+Z.swift */ = {isa = PBXFileReference; fileEncoding = 4; lastKnownFileType = sourcecode.swift; path = "CoreGraphics+Z.swift"; sourceTree = "<group>"; };
		CC28A44A1E2F64EE004E69FC /* MyPanorama.swift */ = {isa = PBXFileReference; fileEncoding = 4; lastKnownFileType = sourcecode.swift; path = MyPanorama.swift; sourceTree = "<group>"; };
		CC28A44D1E2F65F4004E69FC /* MyViewController.swift */ = {isa = PBXFileReference; fileEncoding = 4; lastKnownFileType = sourcecode.swift; path = MyViewController.swift; sourceTree = "<group>"; };
		CC28A4501E2FACAF004E69FC /* PanoramaContentView.swift */ = {isa = PBXFileReference; fileEncoding = 4; lastKnownFileType = sourcecode.swift; path = PanoramaContentView.swift; sourceTree = "<group>"; };
		CC28A4531E2FB7EF004E69FC /* UIKit+P.swift */ = {isa = PBXFileReference; fileEncoding = 4; lastKnownFileType = sourcecode.swift; path = "UIKit+P.swift"; sourceTree = "<group>"; };
		CC2B5BA01E3D0CAC008062DA /* ViewletStyle.swift */ = {isa = PBXFileReference; fileEncoding = 4; lastKnownFileType = sourcecode.swift; path = ViewletStyle.swift; sourceTree = "<group>"; };
		CC2B5BA61E3DAE2F008062DA /* NSMutableParagraphStyle+Z.swift */ = {isa = PBXFileReference; fileEncoding = 4; lastKnownFileType = sourcecode.swift; path = "NSMutableParagraphStyle+Z.swift"; sourceTree = "<group>"; };
		CC2C1F6325EA0E6000E6A1A9 /* Panorama.framework */ = {isa = PBXFileReference; explicitFileType = wrapper.framework; includeInIndex = 0; path = Panorama.framework; sourceTree = BUILT_PRODUCTS_DIR; };
		CC2C1F6525EA0E6000E6A1A9 /* Panorama_ios.h */ = {isa = PBXFileReference; lastKnownFileType = sourcecode.c.h; path = Panorama_ios.h; sourceTree = "<group>"; };
		CC2C1F6625EA0E6000E6A1A9 /* Info.plist */ = {isa = PBXFileReference; lastKnownFileType = text.plist.xml; path = Info.plist; sourceTree = "<group>"; };
		CC2C1F7525EA0E8B00E6A1A9 /* Panorama_mac.framework */ = {isa = PBXFileReference; explicitFileType = wrapper.framework; includeInIndex = 0; path = Panorama_mac.framework; sourceTree = BUILT_PRODUCTS_DIR; };
		CC2C1F7725EA0E8B00E6A1A9 /* Panorama_mac.h */ = {isa = PBXFileReference; lastKnownFileType = sourcecode.c.h; path = Panorama_mac.h; sourceTree = "<group>"; };
		CC2C1F7825EA0E8B00E6A1A9 /* Info.plist */ = {isa = PBXFileReference; lastKnownFileType = text.plist.xml; path = Info.plist; sourceTree = "<group>"; };
		CCA1B54F1E3F077800FBC83A /* ButtonViewlet.swift */ = {isa = PBXFileReference; fileEncoding = 4; lastKnownFileType = sourcecode.swift; path = ButtonViewlet.swift; sourceTree = "<group>"; };
		CCEA22242071BD0B006375DA /* NSEvent+Z.swift */ = {isa = PBXFileReference; fileEncoding = 4; lastKnownFileType = sourcecode.swift; path = "NSEvent+Z.swift"; sourceTree = "<group>"; };
/* End PBXFileReference section */

/* Begin PBXFrameworksBuildPhase section */
		CC28A40D1E2F536D004E69FC /* Frameworks */ = {
			isa = PBXFrameworksBuildPhase;
			buildActionMask = 2147483647;
			files = (
				CC2C1F6A25EA0E6000E6A1A9 /* Panorama.framework in Frameworks */,
			);
			runOnlyForDeploymentPostprocessing = 0;
		};
		CC28A4241E2F5383004E69FC /* Frameworks */ = {
			isa = PBXFrameworksBuildPhase;
			buildActionMask = 2147483647;
			files = (
				CC2C1F7C25EA0E8B00E6A1A9 /* Panorama_mac.framework in Frameworks */,
			);
			runOnlyForDeploymentPostprocessing = 0;
		};
		CC2C1F6025EA0E6000E6A1A9 /* Frameworks */ = {
			isa = PBXFrameworksBuildPhase;
			buildActionMask = 2147483647;
			files = (
				CC9579232B6A393A003B976C /* ZKit in Frameworks */,
			);
			runOnlyForDeploymentPostprocessing = 0;
		};
		CC2C1F7225EA0E8B00E6A1A9 /* Frameworks */ = {
			isa = PBXFrameworksBuildPhase;
			buildActionMask = 2147483647;
			files = (
				CC5EF4E62B6A399D00007D9C /* ZKit in Frameworks */,
			);
			runOnlyForDeploymentPostprocessing = 0;
		};
/* End PBXFrameworksBuildPhase section */

/* Begin PBXGroup section */
		CC28A4051E2F534F004E69FC = {
			isa = PBXGroup;
			children = (
				CC95790B2B6A370F003B976C /* Sources */,
				CC28A4491E2F6485004E69FC /* Shared */,
				CC28A4121E2F536D004E69FC /* PanoramaApp_ios */,
				CC28A4281E2F5383004E69FC /* PanoramaApp_mac */,
				CC2C1F6425EA0E6000E6A1A9 /* Panorama-ios */,
				CC2C1F7625EA0E8B00E6A1A9 /* Panorama-mac */,
				CC28A4111E2F536D004E69FC /* Products */,
				CCA4A88825E3517300AF4CCC /* Frameworks */,
			);
			sourceTree = "<group>";
		};
		CC28A4111E2F536D004E69FC /* Products */ = {
			isa = PBXGroup;
			children = (
				CC28A4101E2F536D004E69FC /* PanoramaApp.app */,
				CC28A4271E2F5383004E69FC /* PanoramaApp.app */,
				CC2C1F6325EA0E6000E6A1A9 /* Panorama.framework */,
				CC2C1F7525EA0E8B00E6A1A9 /* Panorama_mac.framework */,
			);
			name = Products;
			sourceTree = "<group>";
		};
		CC28A4121E2F536D004E69FC /* PanoramaApp_ios */ = {
			isa = PBXGroup;
			children = (
				CC28A4131E2F536D004E69FC /* AppDelegate.swift */,
				CC28A4171E2F536D004E69FC /* Main.storyboard */,
				CC28A41A1E2F536D004E69FC /* Assets.xcassets */,
				CC28A41C1E2F536D004E69FC /* LaunchScreen.storyboard */,
				CC28A41F1E2F536D004E69FC /* Info.plist */,
			);
			path = PanoramaApp_ios;
			sourceTree = "<group>";
		};
		CC28A4281E2F5383004E69FC /* PanoramaApp_mac */ = {
			isa = PBXGroup;
			children = (
				CC28A4291E2F5383004E69FC /* AppDelegate.swift */,
				CC28A42D1E2F5383004E69FC /* Assets.xcassets */,
				CC28A42F1E2F5383004E69FC /* Main.storyboard */,
				CC28A4321E2F5383004E69FC /* Info.plist */,
			);
			path = PanoramaApp_mac;
			sourceTree = "<group>";
		};
		CC28A4491E2F6485004E69FC /* Shared */ = {
			isa = PBXGroup;
			children = (
				CC28A44A1E2F64EE004E69FC /* MyPanorama.swift */,
				CC28A44D1E2F65F4004E69FC /* MyViewController.swift */,
			);
			path = Shared;
			sourceTree = "<group>";
		};
		CC2C1F6425EA0E6000E6A1A9 /* Panorama-ios */ = {
			isa = PBXGroup;
			children = (
				CC2C1F6525EA0E6000E6A1A9 /* Panorama_ios.h */,
				CC2C1F6625EA0E6000E6A1A9 /* Info.plist */,
			);
			path = "Panorama-ios";
			sourceTree = "<group>";
		};
		CC2C1F7625EA0E8B00E6A1A9 /* Panorama-mac */ = {
			isa = PBXGroup;
			children = (
				CC2C1F7725EA0E8B00E6A1A9 /* Panorama_mac.h */,
				CC2C1F7825EA0E8B00E6A1A9 /* Info.plist */,
			);
			path = "Panorama-mac";
			sourceTree = "<group>";
		};
		CC95790B2B6A370F003B976C /* Sources */ = {
			isa = PBXGroup;
			children = (
				CC95790C2B6A370F003B976C /* Panorama */,
			);
			path = Sources;
			sourceTree = "<group>";
		};
		CC95790C2B6A370F003B976C /* Panorama */ = {
			isa = PBXGroup;
			children = (
				CCA1B54F1E3F077800FBC83A /* ButtonViewlet.swift */,
				CC28A4461E2F593C004E69FC /* CoreGraphics+Z.swift */,
				CCEA22242071BD0B006375DA /* NSEvent+Z.swift */,
				CC2B5BA61E3DAE2F008062DA /* NSMutableParagraphStyle+Z.swift */,
				CC28A43A1E2F5417004E69FC /* Panorama.swift */,
				CC28A4401E2F5653004E69FC /* PanoramaBackView.swift */,
				CC28A4501E2FACAF004E69FC /* PanoramaContentView.swift */,
				CC28A43D1E2F5426004E69FC /* PanoramaView.swift */,
				CC28A4531E2FB7EF004E69FC /* UIKit+P.swift */,
				CC1145741E3B9ABE00ADDA0A /* Viewlet.swift */,
				CC2B5BA01E3D0CAC008062DA /* ViewletStyle.swift */,
				CC28A4371E2F53D7004E69FC /* XPlatform.swift */,
				CC28A4431E2F5855004E69FC /* XView+Z.swift */,
			);
			path = Panorama;
			sourceTree = "<group>";
		};
		CCA4A88825E3517300AF4CCC /* Frameworks */ = {
			isa = PBXGroup;
			children = (
			);
			name = Frameworks;
			sourceTree = "<group>";
		};
/* End PBXGroup section */

/* Begin PBXHeadersBuildPhase section */
		CC2C1F5E25EA0E6000E6A1A9 /* Headers */ = {
			isa = PBXHeadersBuildPhase;
			buildActionMask = 2147483647;
			files = (
				CC2C1F6725EA0E6000E6A1A9 /* Panorama_ios.h in Headers */,
			);
			runOnlyForDeploymentPostprocessing = 0;
		};
		CC2C1F7025EA0E8B00E6A1A9 /* Headers */ = {
			isa = PBXHeadersBuildPhase;
			buildActionMask = 2147483647;
			files = (
				CC2C1F7925EA0E8B00E6A1A9 /* Panorama_mac.h in Headers */,
			);
			runOnlyForDeploymentPostprocessing = 0;
		};
/* End PBXHeadersBuildPhase section */

/* Begin PBXNativeTarget section */
		CC28A40F1E2F536D004E69FC /* PanoramaApp_ios */ = {
			isa = PBXNativeTarget;
			buildConfigurationList = CC28A4201E2F536D004E69FC /* Build configuration list for PBXNativeTarget "PanoramaApp_ios" */;
			buildPhases = (
				CC28A40C1E2F536D004E69FC /* Sources */,
				CC28A40D1E2F536D004E69FC /* Frameworks */,
				CC28A40E1E2F536D004E69FC /* Resources */,
				CCA4A88B25E3517300AF4CCC /* Embed Frameworks */,
			);
			buildRules = (
			);
			dependencies = (
				CC2C1F6925EA0E6000E6A1A9 /* PBXTargetDependency */,
			);
			name = PanoramaApp_ios;
			productName = PanoramaApp_ios;
			productReference = CC28A4101E2F536D004E69FC /* PanoramaApp.app */;
			productType = "com.apple.product-type.application";
		};
		CC28A4261E2F5383004E69FC /* PanoramaApp_mac */ = {
			isa = PBXNativeTarget;
			buildConfigurationList = CC28A4331E2F5383004E69FC /* Build configuration list for PBXNativeTarget "PanoramaApp_mac" */;
			buildPhases = (
				CC28A4231E2F5383004E69FC /* Sources */,
				CC28A4241E2F5383004E69FC /* Frameworks */,
				CC28A4251E2F5383004E69FC /* Resources */,
				CCA4A88E25E3517E00AF4CCC /* Embed Frameworks */,
			);
			buildRules = (
			);
			dependencies = (
				CC2C1F7B25EA0E8B00E6A1A9 /* PBXTargetDependency */,
			);
			name = PanoramaApp_mac;
			productName = PanoramaApp_mac;
			productReference = CC28A4271E2F5383004E69FC /* PanoramaApp.app */;
			productType = "com.apple.product-type.application";
		};
		CC2C1F6225EA0E6000E6A1A9 /* Panorama-ios */ = {
			isa = PBXNativeTarget;
			buildConfigurationList = CC2C1F6E25EA0E6000E6A1A9 /* Build configuration list for PBXNativeTarget "Panorama-ios" */;
			buildPhases = (
				CC2C1F5E25EA0E6000E6A1A9 /* Headers */,
				CC2C1F5F25EA0E6000E6A1A9 /* Sources */,
				CC2C1F6025EA0E6000E6A1A9 /* Frameworks */,
				CC2C1F6125EA0E6000E6A1A9 /* Resources */,
			);
			buildRules = (
			);
			dependencies = (
			);
			name = "Panorama-ios";
			packageProductDependencies = (
				CC9579222B6A393A003B976C /* ZKit */,
			);
			productName = "Panorama-ios";
			productReference = CC2C1F6325EA0E6000E6A1A9 /* Panorama.framework */;
			productType = "com.apple.product-type.framework";
		};
		CC2C1F7425EA0E8B00E6A1A9 /* Panorama-mac */ = {
			isa = PBXNativeTarget;
			buildConfigurationList = CC2C1F7E25EA0E8B00E6A1A9 /* Build configuration list for PBXNativeTarget "Panorama-mac" */;
			buildPhases = (
				CC2C1F7025EA0E8B00E6A1A9 /* Headers */,
				CC2C1F7125EA0E8B00E6A1A9 /* Sources */,
				CC2C1F7225EA0E8B00E6A1A9 /* Frameworks */,
				CC2C1F7325EA0E8B00E6A1A9 /* Resources */,
			);
			buildRules = (
			);
			dependencies = (
			);
			name = "Panorama-mac";
			packageProductDependencies = (
				CC5EF4E52B6A399D00007D9C /* ZKit */,
			);
			productName = "Panorama-mac";
			productReference = CC2C1F7525EA0E8B00E6A1A9 /* Panorama_mac.framework */;
			productType = "com.apple.product-type.framework";
		};
/* End PBXNativeTarget section */

/* Begin PBXProject section */
		CC28A4061E2F534F004E69FC /* Project object */ = {
			isa = PBXProject;
			attributes = {
				BuildIndependentTargetsInParallel = YES;
				LastSwiftUpdateCheck = 0820;
				LastUpgradeCheck = 1520;
				ORGANIZATIONNAME = "Electricwoods LLC., Kaz Yoshikawa";
				TargetAttributes = {
					CC28A40F1E2F536D004E69FC = {
						CreatedOnToolsVersion = 8.2.1;
						DevelopmentTeam = 2P97EM4L4N;
						LastSwiftMigration = 1020;
						ProvisioningStyle = Automatic;
					};
					CC28A4261E2F5383004E69FC = {
						CreatedOnToolsVersion = 8.2.1;
						DevelopmentTeam = 2P97EM4L4N;
						LastSwiftMigration = 1020;
						ProvisioningStyle = Automatic;
					};
					CC2C1F6225EA0E6000E6A1A9 = {
						CreatedOnToolsVersion = 12.4;
						DevelopmentTeam = 2P97EM4L4N;
						ProvisioningStyle = Automatic;
					};
					CC2C1F7425EA0E8B00E6A1A9 = {
						CreatedOnToolsVersion = 12.4;
						DevelopmentTeam = 2P97EM4L4N;
						ProvisioningStyle = Automatic;
					};
					CC2C1FA725EA12BD00E6A1A9 = {
						CreatedOnToolsVersion = 12.4;
						DevelopmentTeam = 2P97EM4L4N;
						ProvisioningStyle = Automatic;
					};
				};
			};
			buildConfigurationList = CC28A4091E2F534F004E69FC /* Build configuration list for PBXProject "Panorama" */;
			compatibilityVersion = "Xcode 3.2";
			developmentRegion = en;
			hasScannedForEncodings = 0;
			knownRegions = (
				en,
				Base,
			);
			mainGroup = CC28A4051E2F534F004E69FC;
			packageReferences = (
				CC9579212B6A393A003B976C /* XCLocalSwiftPackageReference "../ZKit" */,
			);
			productRefGroup = CC28A4111E2F536D004E69FC /* Products */;
			projectDirPath = "";
			projectRoot = "";
			targets = (
				CC2C1F6225EA0E6000E6A1A9 /* Panorama-ios */,
				CC2C1F7425EA0E8B00E6A1A9 /* Panorama-mac */,
				CC28A40F1E2F536D004E69FC /* PanoramaApp_ios */,
				CC28A4261E2F5383004E69FC /* PanoramaApp_mac */,
				CC2C1FA725EA12BD00E6A1A9 /* Builds */,
			);
		};
/* End PBXProject section */

/* Begin PBXResourcesBuildPhase section */
		CC28A40E1E2F536D004E69FC /* Resources */ = {
			isa = PBXResourcesBuildPhase;
			buildActionMask = 2147483647;
			files = (
				CC28A41E1E2F536D004E69FC /* LaunchScreen.storyboard in Resources */,
				CC28A41B1E2F536D004E69FC /* Assets.xcassets in Resources */,
				CC28A4191E2F536D004E69FC /* Main.storyboard in Resources */,
			);
			runOnlyForDeploymentPostprocessing = 0;
		};
		CC28A4251E2F5383004E69FC /* Resources */ = {
			isa = PBXResourcesBuildPhase;
			buildActionMask = 2147483647;
			files = (
				CC28A42E1E2F5383004E69FC /* Assets.xcassets in Resources */,
				CC28A4311E2F5383004E69FC /* Main.storyboard in Resources */,
			);
			runOnlyForDeploymentPostprocessing = 0;
		};
		CC2C1F6125EA0E6000E6A1A9 /* Resources */ = {
			isa = PBXResourcesBuildPhase;
			buildActionMask = 2147483647;
			files = (
			);
			runOnlyForDeploymentPostprocessing = 0;
		};
		CC2C1F7325EA0E8B00E6A1A9 /* Resources */ = {
			isa = PBXResourcesBuildPhase;
			buildActionMask = 2147483647;
			files = (
			);
			runOnlyForDeploymentPostprocessing = 0;
		};
/* End PBXResourcesBuildPhase section */

/* Begin PBXSourcesBuildPhase section */
		CC28A40C1E2F536D004E69FC /* Sources */ = {
			isa = PBXSourcesBuildPhase;
			buildActionMask = 2147483647;
			files = (
				CC28A4141E2F536D004E69FC /* AppDelegate.swift in Sources */,
				CC28A44B1E2F64EE004E69FC /* MyPanorama.swift in Sources */,
				CC28A44E1E2F65F4004E69FC /* MyViewController.swift in Sources */,
			);
			runOnlyForDeploymentPostprocessing = 0;
		};
		CC28A4231E2F5383004E69FC /* Sources */ = {
			isa = PBXSourcesBuildPhase;
			buildActionMask = 2147483647;
			files = (
				CC28A42A1E2F5383004E69FC /* AppDelegate.swift in Sources */,
				CC28A44C1E2F64EE004E69FC /* MyPanorama.swift in Sources */,
				CC28A44F1E2F65F4004E69FC /* MyViewController.swift in Sources */,
			);
			runOnlyForDeploymentPostprocessing = 0;
		};
		CC2C1F5F25EA0E6000E6A1A9 /* Sources */ = {
			isa = PBXSourcesBuildPhase;
			buildActionMask = 2147483647;
			files = (
				CC2C1F9025EA121500E6A1A9 /* XView+Z.swift in Sources */,
				CC2C1F8A25EA121500E6A1A9 /* Viewlet.swift in Sources */,
				CC2C1F9525EA121500E6A1A9 /* XPlatform.swift in Sources */,
				CC2C1F9225EA121500E6A1A9 /* ViewletStyle.swift in Sources */,
				CC2C1F8E25EA121500E6A1A9 /* NSMutableParagraphStyle+Z.swift in Sources */,
				CC2C1F8F25EA121500E6A1A9 /* PanoramaContentView.swift in Sources */,
				CC2C1F8B25EA121500E6A1A9 /* Panorama.swift in Sources */,
				CC2C1F9425EA121500E6A1A9 /* ButtonViewlet.swift in Sources */,
				CC2C1F8C25EA121500E6A1A9 /* CoreGraphics+Z.swift in Sources */,
				CC2C1F8925EA121500E6A1A9 /* PanoramaView.swift in Sources */,
				CC2C1F8D25EA121500E6A1A9 /* PanoramaBackView.swift in Sources */,
				CC2C1F9325EA121500E6A1A9 /* NSEvent+Z.swift in Sources */,
				CC2C1F9125EA121500E6A1A9 /* UIKit+P.swift in Sources */,
			);
			runOnlyForDeploymentPostprocessing = 0;
		};
		CC2C1F7125EA0E8B00E6A1A9 /* Sources */ = {
			isa = PBXSourcesBuildPhase;
			buildActionMask = 2147483647;
			files = (
				CC9579182B6A37D1003B976C /* PanoramaContentView.swift in Sources */,
				CC9579132B6A37D1003B976C /* Panorama.swift in Sources */,
				CC95791C2B6A37D1003B976C /* XPlatform.swift in Sources */,
				CC95791B2B6A37D1003B976C /* ViewletStyle.swift in Sources */,
				CC9579152B6A37D1003B976C /* NSMutableParagraphStyle+Z.swift in Sources */,
				CC9579122B6A37D1003B976C /* PanoramaView.swift in Sources */,
				CC9579142B6A37D1003B976C /* CoreGraphics+Z.swift in Sources */,
				CC95791A2B6A37D1003B976C /* ButtonViewlet.swift in Sources */,
				CC9579172B6A37D1003B976C /* PanoramaBackView.swift in Sources */,
				CC9579192B6A37D1003B976C /* Viewlet.swift in Sources */,
				CC9579112B6A37D1003B976C /* XView+Z.swift in Sources */,
				CC9579102B6A37D1003B976C /* UIKit+P.swift in Sources */,
				CC9579162B6A37D1003B976C /* NSEvent+Z.swift in Sources */,
			);
			runOnlyForDeploymentPostprocessing = 0;
		};
/* End PBXSourcesBuildPhase section */

/* Begin PBXTargetDependency section */
		CC2C1F6925EA0E6000E6A1A9 /* PBXTargetDependency */ = {
			isa = PBXTargetDependency;
			target = CC2C1F6225EA0E6000E6A1A9 /* Panorama-ios */;
			targetProxy = CC2C1F6825EA0E6000E6A1A9 /* PBXContainerItemProxy */;
		};
		CC2C1F7B25EA0E8B00E6A1A9 /* PBXTargetDependency */ = {
			isa = PBXTargetDependency;
			target = CC2C1F7425EA0E8B00E6A1A9 /* Panorama-mac */;
			targetProxy = CC2C1F7A25EA0E8B00E6A1A9 /* PBXContainerItemProxy */;
		};
		CC2C1FAF25EA12CE00E6A1A9 /* PBXTargetDependency */ = {
			isa = PBXTargetDependency;
			target = CC2C1F6225EA0E6000E6A1A9 /* Panorama-ios */;
			targetProxy = CC2C1FAE25EA12CE00E6A1A9 /* PBXContainerItemProxy */;
		};
		CC2C1FB125EA12CE00E6A1A9 /* PBXTargetDependency */ = {
			isa = PBXTargetDependency;
			target = CC2C1F7425EA0E8B00E6A1A9 /* Panorama-mac */;
			targetProxy = CC2C1FB025EA12CE00E6A1A9 /* PBXContainerItemProxy */;
		};
		CC2C1FB325EA12CE00E6A1A9 /* PBXTargetDependency */ = {
			isa = PBXTargetDependency;
			target = CC28A40F1E2F536D004E69FC /* PanoramaApp_ios */;
			targetProxy = CC2C1FB225EA12CE00E6A1A9 /* PBXContainerItemProxy */;
		};
		CC2C1FB525EA12CE00E6A1A9 /* PBXTargetDependency */ = {
			isa = PBXTargetDependency;
			target = CC28A4261E2F5383004E69FC /* PanoramaApp_mac */;
			targetProxy = CC2C1FB425EA12CE00E6A1A9 /* PBXContainerItemProxy */;
		};
/* End PBXTargetDependency section */

/* Begin PBXVariantGroup section */
		CC28A4171E2F536D004E69FC /* Main.storyboard */ = {
			isa = PBXVariantGroup;
			children = (
				CC28A4181E2F536D004E69FC /* Base */,
			);
			name = Main.storyboard;
			sourceTree = "<group>";
		};
		CC28A41C1E2F536D004E69FC /* LaunchScreen.storyboard */ = {
			isa = PBXVariantGroup;
			children = (
				CC28A41D1E2F536D004E69FC /* Base */,
			);
			name = LaunchScreen.storyboard;
			sourceTree = "<group>";
		};
		CC28A42F1E2F5383004E69FC /* Main.storyboard */ = {
			isa = PBXVariantGroup;
			children = (
				CC28A4301E2F5383004E69FC /* Base */,
			);
			name = Main.storyboard;
			sourceTree = "<group>";
		};
/* End PBXVariantGroup section */

/* Begin XCBuildConfiguration section */
		CC28A40A1E2F534F004E69FC /* Debug */ = {
			isa = XCBuildConfiguration;
			buildSettings = {
				CLANG_ANALYZER_LOCALIZABILITY_NONLOCALIZED = YES;
				CLANG_WARN_BLOCK_CAPTURE_AUTORELEASING = YES;
				CLANG_WARN_BOOL_CONVERSION = YES;
				CLANG_WARN_COMMA = YES;
				CLANG_WARN_CONSTANT_CONVERSION = YES;
				CLANG_WARN_DEPRECATED_OBJC_IMPLEMENTATIONS = YES;
				CLANG_WARN_EMPTY_BODY = YES;
				CLANG_WARN_ENUM_CONVERSION = YES;
				CLANG_WARN_INFINITE_RECURSION = YES;
				CLANG_WARN_INT_CONVERSION = YES;
				CLANG_WARN_NON_LITERAL_NULL_CONVERSION = YES;
				CLANG_WARN_OBJC_IMPLICIT_RETAIN_SELF = YES;
				CLANG_WARN_OBJC_LITERAL_CONVERSION = YES;
				CLANG_WARN_QUOTED_INCLUDE_IN_FRAMEWORK_HEADER = YES;
				CLANG_WARN_RANGE_LOOP_ANALYSIS = YES;
				CLANG_WARN_STRICT_PROTOTYPES = YES;
				CLANG_WARN_SUSPICIOUS_MOVE = YES;
				CLANG_WARN_UNREACHABLE_CODE = YES;
				CLANG_WARN__DUPLICATE_METHOD_MATCH = YES;
				DEAD_CODE_STRIPPING = YES;
				ENABLE_STRICT_OBJC_MSGSEND = YES;
				ENABLE_TESTABILITY = YES;
				ENABLE_USER_SCRIPT_SANDBOXING = YES;
				GCC_NO_COMMON_BLOCKS = YES;
				GCC_WARN_64_TO_32_BIT_CONVERSION = YES;
				GCC_WARN_ABOUT_RETURN_TYPE = YES;
				GCC_WARN_UNDECLARED_SELECTOR = YES;
				GCC_WARN_UNINITIALIZED_AUTOS = YES;
				GCC_WARN_UNUSED_FUNCTION = YES;
				GCC_WARN_UNUSED_VARIABLE = YES;
				ONLY_ACTIVE_ARCH = YES;
			};
			name = Debug;
		};
		CC28A40B1E2F534F004E69FC /* Release */ = {
			isa = XCBuildConfiguration;
			buildSettings = {
				CLANG_ANALYZER_LOCALIZABILITY_NONLOCALIZED = YES;
				CLANG_WARN_BLOCK_CAPTURE_AUTORELEASING = YES;
				CLANG_WARN_BOOL_CONVERSION = YES;
				CLANG_WARN_COMMA = YES;
				CLANG_WARN_CONSTANT_CONVERSION = YES;
				CLANG_WARN_DEPRECATED_OBJC_IMPLEMENTATIONS = YES;
				CLANG_WARN_EMPTY_BODY = YES;
				CLANG_WARN_ENUM_CONVERSION = YES;
				CLANG_WARN_INFINITE_RECURSION = YES;
				CLANG_WARN_INT_CONVERSION = YES;
				CLANG_WARN_NON_LITERAL_NULL_CONVERSION = YES;
				CLANG_WARN_OBJC_IMPLICIT_RETAIN_SELF = YES;
				CLANG_WARN_OBJC_LITERAL_CONVERSION = YES;
				CLANG_WARN_QUOTED_INCLUDE_IN_FRAMEWORK_HEADER = YES;
				CLANG_WARN_RANGE_LOOP_ANALYSIS = YES;
				CLANG_WARN_STRICT_PROTOTYPES = YES;
				CLANG_WARN_SUSPICIOUS_MOVE = YES;
				CLANG_WARN_UNREACHABLE_CODE = YES;
				CLANG_WARN__DUPLICATE_METHOD_MATCH = YES;
				DEAD_CODE_STRIPPING = YES;
				ENABLE_STRICT_OBJC_MSGSEND = YES;
				ENABLE_USER_SCRIPT_SANDBOXING = YES;
				GCC_NO_COMMON_BLOCKS = YES;
				GCC_WARN_64_TO_32_BIT_CONVERSION = YES;
				GCC_WARN_ABOUT_RETURN_TYPE = YES;
				GCC_WARN_UNDECLARED_SELECTOR = YES;
				GCC_WARN_UNINITIALIZED_AUTOS = YES;
				GCC_WARN_UNUSED_FUNCTION = YES;
				GCC_WARN_UNUSED_VARIABLE = YES;
				SWIFT_COMPILATION_MODE = wholemodule;
			};
			name = Release;
		};
		CC28A4211E2F536D004E69FC /* Debug */ = {
			isa = XCBuildConfiguration;
			buildSettings = {
				ALWAYS_EMBED_SWIFT_STANDARD_LIBRARIES = YES;
				ALWAYS_SEARCH_USER_PATHS = NO;
				ASSETCATALOG_COMPILER_APPICON_NAME = AppIcon;
				CLANG_ANALYZER_NONNULL = YES;
				CLANG_CXX_LANGUAGE_STANDARD = "gnu++0x";
				CLANG_CXX_LIBRARY = "libc++";
				CLANG_ENABLE_MODULES = YES;
				CLANG_ENABLE_OBJC_ARC = YES;
				CLANG_WARN_BOOL_CONVERSION = YES;
				CLANG_WARN_CONSTANT_CONVERSION = YES;
				CLANG_WARN_DIRECT_OBJC_ISA_USAGE = YES_ERROR;
				CLANG_WARN_DOCUMENTATION_COMMENTS = YES;
				CLANG_WARN_EMPTY_BODY = YES;
				CLANG_WARN_ENUM_CONVERSION = YES;
				CLANG_WARN_INFINITE_RECURSION = YES;
				CLANG_WARN_INT_CONVERSION = YES;
				CLANG_WARN_OBJC_ROOT_CLASS = YES_ERROR;
				CLANG_WARN_SUSPICIOUS_MOVE = YES;
				CLANG_WARN_UNREACHABLE_CODE = YES;
				CLANG_WARN__DUPLICATE_METHOD_MATCH = YES;
				"CODE_SIGN_IDENTITY[sdk=iphoneos*]" = "iPhone Developer";
				COPY_PHASE_STRIP = NO;
				DEBUG_INFORMATION_FORMAT = dwarf;
				DEVELOPMENT_TEAM = 2P97EM4L4N;
				ENABLE_STRICT_OBJC_MSGSEND = YES;
				ENABLE_TESTABILITY = YES;
				GCC_C_LANGUAGE_STANDARD = gnu99;
				GCC_DYNAMIC_NO_PIC = NO;
				GCC_NO_COMMON_BLOCKS = YES;
				GCC_OPTIMIZATION_LEVEL = 0;
				GCC_PREPROCESSOR_DEFINITIONS = (
					"DEBUG=1",
					"$(inherited)",
				);
				GCC_WARN_64_TO_32_BIT_CONVERSION = YES;
				GCC_WARN_ABOUT_RETURN_TYPE = YES_ERROR;
				GCC_WARN_UNDECLARED_SELECTOR = YES;
				GCC_WARN_UNINITIALIZED_AUTOS = YES_AGGRESSIVE;
				GCC_WARN_UNUSED_FUNCTION = YES;
				GCC_WARN_UNUSED_VARIABLE = YES;
				INFOPLIST_FILE = PanoramaApp_ios/Info.plist;
				IPHONEOS_DEPLOYMENT_TARGET = 12.0;
				LD_RUNPATH_SEARCH_PATHS = (
					"$(inherited)",
					"@executable_path/Frameworks",
				);
				MTL_ENABLE_DEBUG_INFO = YES;
				ONLY_ACTIVE_ARCH = YES;
				PRODUCT_BUNDLE_IDENTIFIER = "com.electricwoods.PanoramaApp-ios";
				PRODUCT_NAME = PanoramaApp;
				SDKROOT = iphoneos;
				SWIFT_ACTIVE_COMPILATION_CONDITIONS = DEBUG;
				SWIFT_OPTIMIZATION_LEVEL = "-Onone";
				SWIFT_VERSION = 5.0;
				TARGETED_DEVICE_FAMILY = "1,2";
			};
			name = Debug;
		};
		CC28A4221E2F536D004E69FC /* Release */ = {
			isa = XCBuildConfiguration;
			buildSettings = {
				ALWAYS_EMBED_SWIFT_STANDARD_LIBRARIES = YES;
				ALWAYS_SEARCH_USER_PATHS = NO;
				ASSETCATALOG_COMPILER_APPICON_NAME = AppIcon;
				CLANG_ANALYZER_NONNULL = YES;
				CLANG_CXX_LANGUAGE_STANDARD = "gnu++0x";
				CLANG_CXX_LIBRARY = "libc++";
				CLANG_ENABLE_MODULES = YES;
				CLANG_ENABLE_OBJC_ARC = YES;
				CLANG_WARN_BOOL_CONVERSION = YES;
				CLANG_WARN_CONSTANT_CONVERSION = YES;
				CLANG_WARN_DIRECT_OBJC_ISA_USAGE = YES_ERROR;
				CLANG_WARN_DOCUMENTATION_COMMENTS = YES;
				CLANG_WARN_EMPTY_BODY = YES;
				CLANG_WARN_ENUM_CONVERSION = YES;
				CLANG_WARN_INFINITE_RECURSION = YES;
				CLANG_WARN_INT_CONVERSION = YES;
				CLANG_WARN_OBJC_ROOT_CLASS = YES_ERROR;
				CLANG_WARN_SUSPICIOUS_MOVE = YES;
				CLANG_WARN_UNREACHABLE_CODE = YES;
				CLANG_WARN__DUPLICATE_METHOD_MATCH = YES;
				"CODE_SIGN_IDENTITY[sdk=iphoneos*]" = "iPhone Developer";
				COPY_PHASE_STRIP = NO;
				DEBUG_INFORMATION_FORMAT = "dwarf-with-dsym";
				DEVELOPMENT_TEAM = 2P97EM4L4N;
				ENABLE_NS_ASSERTIONS = NO;
				ENABLE_STRICT_OBJC_MSGSEND = YES;
				GCC_C_LANGUAGE_STANDARD = gnu99;
				GCC_NO_COMMON_BLOCKS = YES;
				GCC_WARN_64_TO_32_BIT_CONVERSION = YES;
				GCC_WARN_ABOUT_RETURN_TYPE = YES_ERROR;
				GCC_WARN_UNDECLARED_SELECTOR = YES;
				GCC_WARN_UNINITIALIZED_AUTOS = YES_AGGRESSIVE;
				GCC_WARN_UNUSED_FUNCTION = YES;
				GCC_WARN_UNUSED_VARIABLE = YES;
				INFOPLIST_FILE = PanoramaApp_ios/Info.plist;
				IPHONEOS_DEPLOYMENT_TARGET = 12.0;
				LD_RUNPATH_SEARCH_PATHS = (
					"$(inherited)",
					"@executable_path/Frameworks",
				);
				MTL_ENABLE_DEBUG_INFO = NO;
				PRODUCT_BUNDLE_IDENTIFIER = "com.electricwoods.PanoramaApp-ios";
				PRODUCT_NAME = PanoramaApp;
				SDKROOT = iphoneos;
				SWIFT_COMPILATION_MODE = wholemodule;
				SWIFT_OPTIMIZATION_LEVEL = "-O";
				SWIFT_VERSION = 5.0;
				TARGETED_DEVICE_FAMILY = "1,2";
				VALIDATE_PRODUCT = YES;
			};
			name = Release;
		};
		CC28A4341E2F5383004E69FC /* Debug */ = {
			isa = XCBuildConfiguration;
			buildSettings = {
				ALWAYS_EMBED_SWIFT_STANDARD_LIBRARIES = YES;
				ALWAYS_SEARCH_USER_PATHS = NO;
				ASSETCATALOG_COMPILER_APPICON_NAME = AppIcon;
				CLANG_ANALYZER_NONNULL = YES;
				CLANG_CXX_LANGUAGE_STANDARD = "gnu++0x";
				CLANG_CXX_LIBRARY = "libc++";
				CLANG_ENABLE_MODULES = YES;
				CLANG_ENABLE_OBJC_ARC = YES;
				CLANG_WARN_BOOL_CONVERSION = YES;
				CLANG_WARN_CONSTANT_CONVERSION = YES;
				CLANG_WARN_DIRECT_OBJC_ISA_USAGE = YES_ERROR;
				CLANG_WARN_DOCUMENTATION_COMMENTS = YES;
				CLANG_WARN_EMPTY_BODY = YES;
				CLANG_WARN_ENUM_CONVERSION = YES;
				CLANG_WARN_INFINITE_RECURSION = YES;
				CLANG_WARN_INT_CONVERSION = YES;
				CLANG_WARN_OBJC_ROOT_CLASS = YES_ERROR;
				CLANG_WARN_SUSPICIOUS_MOVE = YES;
				CLANG_WARN_UNREACHABLE_CODE = YES;
				CLANG_WARN__DUPLICATE_METHOD_MATCH = YES;
				CODE_SIGN_IDENTITY = "-";
				COMBINE_HIDPI_IMAGES = YES;
				COPY_PHASE_STRIP = NO;
				DEAD_CODE_STRIPPING = YES;
				DEBUG_INFORMATION_FORMAT = dwarf;
				DEVELOPMENT_TEAM = 2P97EM4L4N;
				ENABLE_STRICT_OBJC_MSGSEND = YES;
				ENABLE_TESTABILITY = YES;
				GCC_C_LANGUAGE_STANDARD = gnu99;
				GCC_DYNAMIC_NO_PIC = NO;
				GCC_NO_COMMON_BLOCKS = YES;
				GCC_OPTIMIZATION_LEVEL = 0;
				GCC_PREPROCESSOR_DEFINITIONS = (
					"DEBUG=1",
					"$(inherited)",
				);
				GCC_WARN_64_TO_32_BIT_CONVERSION = YES;
				GCC_WARN_ABOUT_RETURN_TYPE = YES_ERROR;
				GCC_WARN_UNDECLARED_SELECTOR = YES;
				GCC_WARN_UNINITIALIZED_AUTOS = YES_AGGRESSIVE;
				GCC_WARN_UNUSED_FUNCTION = YES;
				GCC_WARN_UNUSED_VARIABLE = YES;
				INFOPLIST_FILE = PanoramaApp_mac/Info.plist;
				LD_RUNPATH_SEARCH_PATHS = (
					"$(inherited)",
					"@executable_path/../Frameworks",
				);
				MACOSX_DEPLOYMENT_TARGET = "$(RECOMMENDED_MACOSX_DEPLOYMENT_TARGET)";
				MTL_ENABLE_DEBUG_INFO = YES;
				ONLY_ACTIVE_ARCH = YES;
				PRODUCT_BUNDLE_IDENTIFIER = "com.electricwoods.PanoramaApp-mac";
				PRODUCT_NAME = PanoramaApp;
				SDKROOT = macosx;
				SWIFT_ACTIVE_COMPILATION_CONDITIONS = DEBUG;
				SWIFT_OPTIMIZATION_LEVEL = "-Onone";
				SWIFT_VERSION = 5.0;
			};
			name = Debug;
		};
		CC28A4351E2F5383004E69FC /* Release */ = {
			isa = XCBuildConfiguration;
			buildSettings = {
				ALWAYS_EMBED_SWIFT_STANDARD_LIBRARIES = YES;
				ALWAYS_SEARCH_USER_PATHS = NO;
				ASSETCATALOG_COMPILER_APPICON_NAME = AppIcon;
				CLANG_ANALYZER_NONNULL = YES;
				CLANG_CXX_LANGUAGE_STANDARD = "gnu++0x";
				CLANG_CXX_LIBRARY = "libc++";
				CLANG_ENABLE_MODULES = YES;
				CLANG_ENABLE_OBJC_ARC = YES;
				CLANG_WARN_BOOL_CONVERSION = YES;
				CLANG_WARN_CONSTANT_CONVERSION = YES;
				CLANG_WARN_DIRECT_OBJC_ISA_USAGE = YES_ERROR;
				CLANG_WARN_DOCUMENTATION_COMMENTS = YES;
				CLANG_WARN_EMPTY_BODY = YES;
				CLANG_WARN_ENUM_CONVERSION = YES;
				CLANG_WARN_INFINITE_RECURSION = YES;
				CLANG_WARN_INT_CONVERSION = YES;
				CLANG_WARN_OBJC_ROOT_CLASS = YES_ERROR;
				CLANG_WARN_SUSPICIOUS_MOVE = YES;
				CLANG_WARN_UNREACHABLE_CODE = YES;
				CLANG_WARN__DUPLICATE_METHOD_MATCH = YES;
				CODE_SIGN_IDENTITY = "-";
				COMBINE_HIDPI_IMAGES = YES;
				COPY_PHASE_STRIP = NO;
				DEAD_CODE_STRIPPING = YES;
				DEBUG_INFORMATION_FORMAT = "dwarf-with-dsym";
				DEVELOPMENT_TEAM = 2P97EM4L4N;
				ENABLE_NS_ASSERTIONS = NO;
				ENABLE_STRICT_OBJC_MSGSEND = YES;
				GCC_C_LANGUAGE_STANDARD = gnu99;
				GCC_NO_COMMON_BLOCKS = YES;
				GCC_WARN_64_TO_32_BIT_CONVERSION = YES;
				GCC_WARN_ABOUT_RETURN_TYPE = YES_ERROR;
				GCC_WARN_UNDECLARED_SELECTOR = YES;
				GCC_WARN_UNINITIALIZED_AUTOS = YES_AGGRESSIVE;
				GCC_WARN_UNUSED_FUNCTION = YES;
				GCC_WARN_UNUSED_VARIABLE = YES;
				INFOPLIST_FILE = PanoramaApp_mac/Info.plist;
				LD_RUNPATH_SEARCH_PATHS = (
					"$(inherited)",
					"@executable_path/../Frameworks",
				);
				MACOSX_DEPLOYMENT_TARGET = "$(RECOMMENDED_MACOSX_DEPLOYMENT_TARGET)";
				MTL_ENABLE_DEBUG_INFO = NO;
				PRODUCT_BUNDLE_IDENTIFIER = "com.electricwoods.PanoramaApp-mac";
				PRODUCT_NAME = PanoramaApp;
				SDKROOT = macosx;
				SWIFT_COMPILATION_MODE = wholemodule;
				SWIFT_OPTIMIZATION_LEVEL = "-O";
				SWIFT_VERSION = 5.0;
			};
			name = Release;
		};
		CC2C1F6C25EA0E6000E6A1A9 /* Debug */ = {
			isa = XCBuildConfiguration;
			buildSettings = {
				ALWAYS_SEARCH_USER_PATHS = NO;
				CLANG_ANALYZER_NONNULL = YES;
				CLANG_ANALYZER_NUMBER_OBJECT_CONVERSION = YES_AGGRESSIVE;
				CLANG_CXX_LANGUAGE_STANDARD = "gnu++14";
				CLANG_CXX_LIBRARY = "libc++";
				CLANG_ENABLE_MODULES = YES;
				CLANG_ENABLE_OBJC_ARC = YES;
				CLANG_ENABLE_OBJC_WEAK = YES;
				CLANG_WARN_DIRECT_OBJC_ISA_USAGE = YES_ERROR;
				CLANG_WARN_DOCUMENTATION_COMMENTS = YES;
				CLANG_WARN_OBJC_ROOT_CLASS = YES_ERROR;
				CLANG_WARN_UNGUARDED_AVAILABILITY = YES_AGGRESSIVE;
				CODE_SIGN_IDENTITY = "";
				CODE_SIGN_STYLE = Automatic;
				COPY_PHASE_STRIP = NO;
				CURRENT_PROJECT_VERSION = 1;
				DEBUG_INFORMATION_FORMAT = dwarf;
				DEFINES_MODULE = YES;
				DEVELOPMENT_TEAM = 2P97EM4L4N;
				DYLIB_COMPATIBILITY_VERSION = 1;
				DYLIB_CURRENT_VERSION = 1;
				DYLIB_INSTALL_NAME_BASE = "@rpath";
				ENABLE_MODULE_VERIFIER = YES;
				GCC_C_LANGUAGE_STANDARD = gnu11;
				GCC_DYNAMIC_NO_PIC = NO;
				GCC_OPTIMIZATION_LEVEL = 0;
				GCC_PREPROCESSOR_DEFINITIONS = (
					"DEBUG=1",
					"$(inherited)",
				);
				GCC_WARN_ABOUT_RETURN_TYPE = YES_ERROR;
				GCC_WARN_UNINITIALIZED_AUTOS = YES_AGGRESSIVE;
				INFOPLIST_FILE = "Panorama-ios/Info.plist";
				INSTALL_PATH = "$(LOCAL_LIBRARY_DIR)/Frameworks";
				IPHONEOS_DEPLOYMENT_TARGET = 14.0;
				LD_RUNPATH_SEARCH_PATHS = (
					"$(inherited)",
					"@executable_path/Frameworks",
					"@loader_path/Frameworks",
				);
				MODULE_VERIFIER_SUPPORTED_LANGUAGES = "objective-c objective-c++";
				MODULE_VERIFIER_SUPPORTED_LANGUAGE_STANDARDS = "gnu11 gnu++14";
				MTL_ENABLE_DEBUG_INFO = INCLUDE_SOURCE;
				MTL_FAST_MATH = YES;
				PRODUCT_BUNDLE_IDENTIFIER = "com.electricwoods.Panorama-ios";
				PRODUCT_NAME = Panorama;
				SDKROOT = iphoneos;
				SKIP_INSTALL = YES;
				SUPPORTED_PLATFORMS = "iphoneos iphonesimulator";
				SUPPORTS_MACCATALYST = NO;
				SUPPORTS_MAC_DESIGNED_FOR_IPHONE_IPAD = NO;
				SWIFT_ACTIVE_COMPILATION_CONDITIONS = DEBUG;
				SWIFT_OPTIMIZATION_LEVEL = "-Onone";
				SWIFT_VERSION = 5.0;
				TARGETED_DEVICE_FAMILY = "1,2";
				VERSIONING_SYSTEM = "apple-generic";
				VERSION_INFO_PREFIX = "";
			};
			name = Debug;
		};
		CC2C1F6D25EA0E6000E6A1A9 /* Release */ = {
			isa = XCBuildConfiguration;
			buildSettings = {
				ALWAYS_SEARCH_USER_PATHS = NO;
				CLANG_ANALYZER_NONNULL = YES;
				CLANG_ANALYZER_NUMBER_OBJECT_CONVERSION = YES_AGGRESSIVE;
				CLANG_CXX_LANGUAGE_STANDARD = "gnu++14";
				CLANG_CXX_LIBRARY = "libc++";
				CLANG_ENABLE_MODULES = YES;
				CLANG_ENABLE_OBJC_ARC = YES;
				CLANG_ENABLE_OBJC_WEAK = YES;
				CLANG_WARN_DIRECT_OBJC_ISA_USAGE = YES_ERROR;
				CLANG_WARN_DOCUMENTATION_COMMENTS = YES;
				CLANG_WARN_OBJC_ROOT_CLASS = YES_ERROR;
				CLANG_WARN_UNGUARDED_AVAILABILITY = YES_AGGRESSIVE;
				CODE_SIGN_IDENTITY = "";
				CODE_SIGN_STYLE = Automatic;
				COPY_PHASE_STRIP = NO;
				CURRENT_PROJECT_VERSION = 1;
				DEBUG_INFORMATION_FORMAT = "dwarf-with-dsym";
				DEFINES_MODULE = YES;
				DEVELOPMENT_TEAM = 2P97EM4L4N;
				DYLIB_COMPATIBILITY_VERSION = 1;
				DYLIB_CURRENT_VERSION = 1;
				DYLIB_INSTALL_NAME_BASE = "@rpath";
				ENABLE_MODULE_VERIFIER = YES;
				ENABLE_NS_ASSERTIONS = NO;
				GCC_C_LANGUAGE_STANDARD = gnu11;
				GCC_WARN_ABOUT_RETURN_TYPE = YES_ERROR;
				GCC_WARN_UNINITIALIZED_AUTOS = YES_AGGRESSIVE;
				INFOPLIST_FILE = "Panorama-ios/Info.plist";
				INSTALL_PATH = "$(LOCAL_LIBRARY_DIR)/Frameworks";
				IPHONEOS_DEPLOYMENT_TARGET = 14.0;
				LD_RUNPATH_SEARCH_PATHS = (
					"$(inherited)",
					"@executable_path/Frameworks",
					"@loader_path/Frameworks",
				);
				MODULE_VERIFIER_SUPPORTED_LANGUAGES = "objective-c objective-c++";
				MODULE_VERIFIER_SUPPORTED_LANGUAGE_STANDARDS = "gnu11 gnu++14";
				MTL_ENABLE_DEBUG_INFO = NO;
				MTL_FAST_MATH = YES;
				PRODUCT_BUNDLE_IDENTIFIER = "com.electricwoods.Panorama-ios";
				PRODUCT_NAME = Panorama;
				SDKROOT = iphoneos;
				SKIP_INSTALL = YES;
				SUPPORTED_PLATFORMS = "iphoneos iphonesimulator";
				SUPPORTS_MACCATALYST = NO;
				SUPPORTS_MAC_DESIGNED_FOR_IPHONE_IPAD = NO;
				SWIFT_COMPILATION_MODE = wholemodule;
				SWIFT_OPTIMIZATION_LEVEL = "-O";
				SWIFT_VERSION = 5.0;
				TARGETED_DEVICE_FAMILY = "1,2";
				VALIDATE_PRODUCT = YES;
				VERSIONING_SYSTEM = "apple-generic";
				VERSION_INFO_PREFIX = "";
			};
			name = Release;
		};
		CC2C1F7F25EA0E8B00E6A1A9 /* Debug */ = {
			isa = XCBuildConfiguration;
			buildSettings = {
				ALWAYS_SEARCH_USER_PATHS = NO;
				CLANG_ANALYZER_NONNULL = YES;
				CLANG_ANALYZER_NUMBER_OBJECT_CONVERSION = YES_AGGRESSIVE;
				CLANG_CXX_LANGUAGE_STANDARD = "gnu++14";
				CLANG_CXX_LIBRARY = "libc++";
				CLANG_ENABLE_MODULES = YES;
				CLANG_ENABLE_OBJC_ARC = YES;
				CLANG_ENABLE_OBJC_WEAK = YES;
				CLANG_WARN_DIRECT_OBJC_ISA_USAGE = YES_ERROR;
				CLANG_WARN_DOCUMENTATION_COMMENTS = YES;
				CLANG_WARN_OBJC_ROOT_CLASS = YES_ERROR;
				CLANG_WARN_UNGUARDED_AVAILABILITY = YES_AGGRESSIVE;
				CODE_SIGN_IDENTITY = "-";
				CODE_SIGN_STYLE = Automatic;
				COMBINE_HIDPI_IMAGES = YES;
				COPY_PHASE_STRIP = NO;
				CURRENT_PROJECT_VERSION = 1;
				DEAD_CODE_STRIPPING = YES;
				DEBUG_INFORMATION_FORMAT = dwarf;
				DEFINES_MODULE = YES;
				DEVELOPMENT_TEAM = 2P97EM4L4N;
				DYLIB_COMPATIBILITY_VERSION = 1;
				DYLIB_CURRENT_VERSION = 1;
				DYLIB_INSTALL_NAME_BASE = "@rpath";
				ENABLE_MODULE_VERIFIER = YES;
				GCC_C_LANGUAGE_STANDARD = gnu11;
				GCC_DYNAMIC_NO_PIC = NO;
				GCC_OPTIMIZATION_LEVEL = 0;
				GCC_PREPROCESSOR_DEFINITIONS = (
					"DEBUG=1",
					"$(inherited)",
				);
				GCC_WARN_ABOUT_RETURN_TYPE = YES_ERROR;
				GCC_WARN_UNINITIALIZED_AUTOS = YES_AGGRESSIVE;
				INFOPLIST_FILE = "Panorama-mac/Info.plist";
				INSTALL_PATH = "$(LOCAL_LIBRARY_DIR)/Frameworks";
				LD_RUNPATH_SEARCH_PATHS = (
					"$(inherited)",
					"@executable_path/../Frameworks",
					"@loader_path/Frameworks",
				);
				MACOSX_DEPLOYMENT_TARGET = 13.0;
				MODULE_VERIFIER_SUPPORTED_LANGUAGES = "objective-c objective-c++";
				MODULE_VERIFIER_SUPPORTED_LANGUAGE_STANDARDS = "gnu11 gnu++14";
				MTL_ENABLE_DEBUG_INFO = INCLUDE_SOURCE;
				MTL_FAST_MATH = YES;
				PRODUCT_BUNDLE_IDENTIFIER = "com.electricwoods.Panorama-mac";
				PRODUCT_MODULE_NAME = Panorama;
				PRODUCT_NAME = "$(TARGET_NAME:c99extidentifier)";
				SDKROOT = macosx;
				SKIP_INSTALL = YES;
				SWIFT_ACTIVE_COMPILATION_CONDITIONS = DEBUG;
				SWIFT_OPTIMIZATION_LEVEL = "-Onone";
				SWIFT_VERSION = 5.0;
				VERSIONING_SYSTEM = "apple-generic";
				VERSION_INFO_PREFIX = "";
			};
			name = Debug;
		};
		CC2C1F8025EA0E8B00E6A1A9 /* Release */ = {
			isa = XCBuildConfiguration;
			buildSettings = {
				ALWAYS_SEARCH_USER_PATHS = NO;
				CLANG_ANALYZER_NONNULL = YES;
				CLANG_ANALYZER_NUMBER_OBJECT_CONVERSION = YES_AGGRESSIVE;
				CLANG_CXX_LANGUAGE_STANDARD = "gnu++14";
				CLANG_CXX_LIBRARY = "libc++";
				CLANG_ENABLE_MODULES = YES;
				CLANG_ENABLE_OBJC_ARC = YES;
				CLANG_ENABLE_OBJC_WEAK = YES;
				CLANG_WARN_DIRECT_OBJC_ISA_USAGE = YES_ERROR;
				CLANG_WARN_DOCUMENTATION_COMMENTS = YES;
				CLANG_WARN_OBJC_ROOT_CLASS = YES_ERROR;
				CLANG_WARN_UNGUARDED_AVAILABILITY = YES_AGGRESSIVE;
				CODE_SIGN_IDENTITY = "-";
				CODE_SIGN_STYLE = Automatic;
				COMBINE_HIDPI_IMAGES = YES;
				COPY_PHASE_STRIP = NO;
				CURRENT_PROJECT_VERSION = 1;
				DEAD_CODE_STRIPPING = YES;
				DEBUG_INFORMATION_FORMAT = "dwarf-with-dsym";
				DEFINES_MODULE = YES;
				DEVELOPMENT_TEAM = 2P97EM4L4N;
				DYLIB_COMPATIBILITY_VERSION = 1;
				DYLIB_CURRENT_VERSION = 1;
				DYLIB_INSTALL_NAME_BASE = "@rpath";
				ENABLE_MODULE_VERIFIER = YES;
				ENABLE_NS_ASSERTIONS = NO;
				GCC_C_LANGUAGE_STANDARD = gnu11;
				GCC_WARN_ABOUT_RETURN_TYPE = YES_ERROR;
				GCC_WARN_UNINITIALIZED_AUTOS = YES_AGGRESSIVE;
				INFOPLIST_FILE = "Panorama-mac/Info.plist";
				INSTALL_PATH = "$(LOCAL_LIBRARY_DIR)/Frameworks";
				LD_RUNPATH_SEARCH_PATHS = (
					"$(inherited)",
					"@executable_path/../Frameworks",
					"@loader_path/Frameworks",
				);
				MACOSX_DEPLOYMENT_TARGET = 13.0;
				MODULE_VERIFIER_SUPPORTED_LANGUAGES = "objective-c objective-c++";
				MODULE_VERIFIER_SUPPORTED_LANGUAGE_STANDARDS = "gnu11 gnu++14";
				MTL_ENABLE_DEBUG_INFO = NO;
				MTL_FAST_MATH = YES;
				PRODUCT_BUNDLE_IDENTIFIER = "com.electricwoods.Panorama-mac";
				PRODUCT_MODULE_NAME = Panorama;
				PRODUCT_NAME = "$(TARGET_NAME:c99extidentifier)";
				SDKROOT = macosx;
				SKIP_INSTALL = YES;
				SWIFT_COMPILATION_MODE = wholemodule;
				SWIFT_OPTIMIZATION_LEVEL = "-O";
				SWIFT_VERSION = 5.0;
				VERSIONING_SYSTEM = "apple-generic";
				VERSION_INFO_PREFIX = "";
			};
			name = Release;
		};
		CC2C1FA925EA12BD00E6A1A9 /* Debug */ = {
			isa = XCBuildConfiguration;
			buildSettings = {
				CLANG_ENABLE_OBJC_WEAK = YES;
				CODE_SIGN_STYLE = Automatic;
				DEAD_CODE_STRIPPING = YES;
				DEVELOPMENT_TEAM = 2P97EM4L4N;
				PRODUCT_NAME = "$(TARGET_NAME)";
			};
			name = Debug;
		};
		CC2C1FAA25EA12BD00E6A1A9 /* Release */ = {
			isa = XCBuildConfiguration;
			buildSettings = {
				CLANG_ENABLE_OBJC_WEAK = YES;
				CODE_SIGN_STYLE = Automatic;
				DEAD_CODE_STRIPPING = YES;
				DEVELOPMENT_TEAM = 2P97EM4L4N;
				PRODUCT_NAME = "$(TARGET_NAME)";
			};
			name = Release;
		};
/* End XCBuildConfiguration section */

/* Begin XCConfigurationList section */
		CC28A4091E2F534F004E69FC /* Build configuration list for PBXProject "Panorama" */ = {
			isa = XCConfigurationList;
			buildConfigurations = (
				CC28A40A1E2F534F004E69FC /* Debug */,
				CC28A40B1E2F534F004E69FC /* Release */,
			);
			defaultConfigurationIsVisible = 0;
			defaultConfigurationName = Release;
		};
		CC28A4201E2F536D004E69FC /* Build configuration list for PBXNativeTarget "PanoramaApp_ios" */ = {
			isa = XCConfigurationList;
			buildConfigurations = (
				CC28A4211E2F536D004E69FC /* Debug */,
				CC28A4221E2F536D004E69FC /* Release */,
			);
			defaultConfigurationIsVisible = 0;
			defaultConfigurationName = Release;
		};
		CC28A4331E2F5383004E69FC /* Build configuration list for PBXNativeTarget "PanoramaApp_mac" */ = {
			isa = XCConfigurationList;
			buildConfigurations = (
				CC28A4341E2F5383004E69FC /* Debug */,
				CC28A4351E2F5383004E69FC /* Release */,
			);
			defaultConfigurationIsVisible = 0;
			defaultConfigurationName = Release;
		};
		CC2C1F6E25EA0E6000E6A1A9 /* Build configuration list for PBXNativeTarget "Panorama-ios" */ = {
			isa = XCConfigurationList;
			buildConfigurations = (
				CC2C1F6C25EA0E6000E6A1A9 /* Debug */,
				CC2C1F6D25EA0E6000E6A1A9 /* Release */,
			);
			defaultConfigurationIsVisible = 0;
			defaultConfigurationName = Release;
		};
		CC2C1F7E25EA0E8B00E6A1A9 /* Build configuration list for PBXNativeTarget "Panorama-mac" */ = {
			isa = XCConfigurationList;
			buildConfigurations = (
				CC2C1F7F25EA0E8B00E6A1A9 /* Debug */,
				CC2C1F8025EA0E8B00E6A1A9 /* Release */,
			);
			defaultConfigurationIsVisible = 0;
			defaultConfigurationName = Release;
		};
		CC2C1FA825EA12BD00E6A1A9 /* Build configuration list for PBXAggregateTarget "Builds" */ = {
			isa = XCConfigurationList;
			buildConfigurations = (
				CC2C1FA925EA12BD00E6A1A9 /* Debug */,
				CC2C1FAA25EA12BD00E6A1A9 /* Release */,
			);
			defaultConfigurationIsVisible = 0;
			defaultConfigurationName = Release;
		};
/* End XCConfigurationList section */

/* Begin XCLocalSwiftPackageReference section */
		CC9579212B6A393A003B976C /* XCLocalSwiftPackageReference "../ZKit" */ = {
			isa = XCLocalSwiftPackageReference;
			relativePath = ../ZKit;
		};
/* End XCLocalSwiftPackageReference section */

/* Begin XCSwiftPackageProductDependency section */
		CC5EF4E52B6A399D00007D9C /* ZKit */ = {
			isa = XCSwiftPackageProductDependency;
			package = CC9579212B6A393A003B976C /* XCLocalSwiftPackageReference "../ZKit" */;
			productName = ZKit;
		};
		CC9579222B6A393A003B976C /* ZKit */ = {
			isa = XCSwiftPackageProductDependency;
			productName = ZKit;
		};
/* End XCSwiftPackageProductDependency section */
	};
	rootObject = CC28A4061E2F534F004E69FC /* Project object */;
}
